{
  "version": 4,
  "terraform_version": "1.14.7",
  "serial": 48,
  "lineage": "d93d58bf-6cf2-7460-c17c-246bf8bf0bad",
  "outputs": {
    "health_url": {
      "value": "http://54.80.62.18:8888/sathishconfigserver/health",
      "type": "string"
    },
    "public_dns": {
      "value": "ec2-54-80-62-18.compute-1.amazonaws.com",
      "type": "string"
    },
    "public_ip": {
      "value": "54.80.62.18",
      "type": "string"
    },
    "ssh_command": {
      "value": "ssh -i ./formac.pem ec2-user@54.80.62.18",
      "type": "string"
    }
  },
  "resources": [
    {
      "mode": "data",
      "type": "aws_ami",
      "name": "this",
      "provider": "provider[\"registry.terraform.io/hashicorp/aws\"]",
      "instances": [
        {
          "schema_version": 0,
          "attributes": {
            "allow_unsafe_filter": null,
            "architecture": "x86_64",
            "arn": "arn:aws:ec2:us-east-1::image/ami-0cb5cf49019e79c51",
            "block_device_mappings": [
              {
                "device_name": "/dev/xvda",
                "ebs": {
                  "delete_on_termination": "true",
                  "encrypted": "false",
                  "iops": "3000",
                  "snapshot_id": "snap-069ee158c200daeaf",
                  "throughput": "125",
                  "volume_initialization_rate": "0",
                  "volume_size": "8",
                  "volume_type": "gp3"
                },
                "no_device": "",
                "virtual_name": ""
              }
            ],
            "boot_mode": "uefi-preferred",
            "creation_date": "2026-03-27T02:45:17.000Z",
            "deprecation_time": "2026-06-25T02:51:00.000Z",
            "description": "Amazon Linux 2023 AMI 2023.10.20260325.0 x86_64 HVM kernel-6.18",
            "ena_support": true,
            "executable_users": null,
            "filter": [
              {
                "name": "architecture",
                "values": [
                  "x86_64"
                ]
              },
              {
                "name": "name",
                "values": [
                  "al2023-ami-2023*"
                ]
              }
            ],
            "hypervisor": "xen",
            "id": "ami-0cb5cf49019e79c51",
            "image_id": "ami-0cb5cf49019e79c51",
            "image_location": "amazon/al2023-ami-2023.10.20260325.0-kernel-6.18-x86_64",
            "image_owner_alias": "amazon",
            "image_type": "machine",
            "imds_support": "v2.0",
            "include_deprecated": false,
            "kernel_id": "",
            "last_launched_time": "",
            "most_recent": true,
            "name": "al2023-ami-2023.10.20260325.0-kernel-6.18-x86_64",
            "name_regex": null,
            "owner_id": "137112412989",
            "owners": [
              "amazon"
            ],
            "platform": "",
            "platform_details": "Linux/UNIX",
            "product_codes": [],
            "public": true,
            "ramdisk_id": "",
            "region": "us-east-1",
            "root_device_name": "/dev/xvda",
            "root_device_type": "ebs",
            "root_snapshot_id": "snap-069ee158c200daeaf",
            "sriov_net_support": "simple",
            "state": "available",
            "state_reason": {
              "code": "UNSET",
              "message": "UNSET"
            },
            "tags": {},
            "timeouts": null,
            "tpm_support": "",
            "uefi_data": null,
            "usage_operation": "RunInstances",
            "virtualization_type": "hvm"
          },
          "sensitive_attributes": [],
          "identity_schema_version": 0
        }
      ]
    },
    {
      "mode": "data",
      "type": "aws_availability_zones",
      "name": "available",
      "provider": "provider[\"registry.terraform.io/hashicorp/aws\"]",
      "instances": [
        {
          "schema_version": 0,
          "attributes": {
            "all_availability_zones": null,
            "exclude_names": null,
            "exclude_zone_ids": null,
            "filter": [
              {
                "name": "opt-in-status",
                "values": [
                  "opt-in-not-required"
                ]
              }
            ],
            "group_names": [
              "us-east-1-zg-1"
            ],
            "id": "us-east-1",
            "names": [
              "us-east-1a",
              "us-east-1b",
              "us-east-1c",
              "us-east-1d",
              "us-east-1e",
              "us-east-1f"
            ],
            "region": "us-east-1",
            "state": "available",
            "timeouts": null,
            "zone_ids": [
              "use1-az6",
              "use1-az1",
              "use1-az2",
              "use1-az4",
              "use1-az3",
              "use1-az5"
            ]
          },
          "sensitive_attributes": [],
          "identity_schema_version": 0
        }
      ]
    },
    {
      "mode": "managed",
      "type": "aws_iam_instance_profile",
      "name": "config_server",
      "provider": "provider[\"registry.terraform.io/hashicorp/aws\"]",
      "instances": [
        {
          "schema_version": 0,
          "attributes": {
            "arn": "arn:aws:iam::381636780001:instance-profile/config-server-profile",
            "create_date": "2026-03-29T15:28:58Z",
            "id": "config-server-profile",
            "name": "config-server-profile",
            "name_prefix": "",
            "path": "/",
            "role": "config-server-role",
            "tags": null,
            "tags_all": {
              "Environment": "dev",
              "Owner": "sathish",
              "Project": "config-server"
            },
            "unique_id": "AIPAVRW2TD7QSV7IF6FPI"
          },
          "sensitive_attributes": [],
          "identity_schema_version": 0,
          "private": "bnVsbA==",
          "dependencies": [
            "aws_iam_role.config_server"
          ]
        }
      ]
    },
    {
      "mode": "managed",
      "type": "aws_iam_role",
      "name": "config_server",
      "provider": "provider[\"registry.terraform.io/hashicorp/aws\"]",
      "instances": [
        {
          "schema_version": 0,
          "attributes": {
            "arn": "arn:aws:iam::381636780001:role/config-server-role",
            "assume_role_policy": "{\"Statement\":[{\"Action\":\"sts:AssumeRole\",\"Effect\":\"Allow\",\"Principal\":{\"Service\":\"ec2.amazonaws.com\"}}],\"Version\":\"2012-10-17\"}",
            "create_date": "2026-03-29T15:28:58Z",
            "description": "",
            "force_detach_policies": false,
            "id": "config-server-role",
            "inline_policy": [],
            "managed_policy_arns": [],
            "max_session_duration": 3600,
            "name": "config-server-role",
            "name_prefix": "",
            "path": "/",
            "permissions_boundary": "",
            "tags": null,
            "tags_all": {
              "Environment": "dev",
              "Owner": "sathish",
              "Project": "config-server"
            },
            "unique_id": "AROAVRW2TD7QRHHXKSEWZ"
          },
          "sensitive_attributes": [],
          "identity_schema_version": 0,
          "identity": {
            "account_id": "381636780001",
            "name": "config-server-role"
          },
          "private": "bnVsbA=="
        }
      ]
    },
    {
      "mode": "managed",
      "type": "aws_iam_role_policy",
      "name": "ssm_read",
      "provider": "provider[\"registry.terraform.io/hashicorp/aws\"]",
      "instances": [
        {
          "schema_version": 0,
          "attributes": {
            "id": "config-server-role:config-server-ssm-read",
            "name": "config-server-ssm-read",
            "name_prefix": "",
            "policy": "{\"Version\":\"2012-10-17\",\"Statement\":[{\"Action\":[\"ssm:GetParameter\",\"ssm:GetParameters\"],\"Effect\":\"Allow\",\"Resource\":\"arn:aws:ssm:*:*:parameter/config-server/*\"}]}",
            "role": "config-server-role"
          },
          "sensitive_attributes": [],
          "identity_schema_version": 0,
          "identity": {
            "account_id": "381636780001",
            "name": "config-server-ssm-read",
            "role": "config-server-role"
          },
          "private": "bnVsbA==",
          "dependencies": [
            "aws_iam_role.config_server"
          ]
        }
      ]
    },
    {
      "mode": "managed",
      "type": "aws_instance",
      "name": "config_server",
      "provider": "provider[\"registry.terraform.io/hashicorp/aws\"]",
      "instances": [
        {
          "schema_version": 2,
          "attributes": {
            "ami": "ami-0cb5cf49019e79c51",
            "arn": "arn:aws:ec2:us-east-1:381636780001:instance/i-05dc6bf37bda6bdb2",
            "associate_public_ip_address": true,
            "availability_zone": "us-east-1a",
            "capacity_reservation_specification": [
              {
                "capacity_reservation_preference": "open",
                "capacity_reservation_target": []
              }
            ],
            "cpu_options": [
              {
                "amd_sev_snp": "",
                "core_count": 1,
                "nested_virtualization": "",
                "threads_per_core": 2
              }
            ],
            "credit_specification": [
              {
                "cpu_credits": "unlimited"
              }
            ],
            "disable_api_stop": false,
            "disable_api_termination": false,
            "ebs_block_device": [],
            "ebs_optimized": false,
            "enable_primary_ipv6": null,
            "enclave_options": [
              {
                "enabled": false
              }
            ],
            "ephemeral_block_device": [],
            "force_destroy": false,
            "get_password_data": false,
            "hibernation": false,
            "host_id": "",
            "host_resource_group_arn": null,
            "iam_instance_profile": "config-server-profile",
            "id": "i-05dc6bf37bda6bdb2",
            "instance_initiated_shutdown_behavior": "stop",
            "instance_lifecycle": "",
            "instance_market_options": [],
            "instance_state": "running",
            "instance_type": "t3.micro",
            "ipv6_address_count": 0,
            "ipv6_addresses": [],
            "key_name": "formac",
            "launch_template": [],
            "maintenance_options": [
              {
                "auto_recovery": "default"
              }
            ],
            "metadata_options": [
              {
                "http_endpoint": "enabled",
                "http_protocol_ipv6": "disabled",
                "http_put_response_hop_limit": 1,
                "http_tokens": "required",
                "instance_metadata_tags": "disabled"
              }
            ],
            "monitoring": false,
            "network_interface": [],
            "outpost_arn": "",
            "password_data": "",
            "placement_group": "",
            "placement_group_id": "",
            "placement_partition_number": 0,
            "primary_network_interface": [
              {
                "delete_on_termination": true,
                "network_interface_id": "eni-0dd62aa09b1b3ba7c"
              }
            ],
            "primary_network_interface_id": "eni-0dd62aa09b1b3ba7c",
            "private_dns": "ip-10-0-1-216.ec2.internal",
            "private_dns_name_options": [
              {
                "enable_resource_name_dns_a_record": false,
                "enable_resource_name_dns_aaaa_record": false,
                "hostname_type": "ip-name"
              }
            ],
            "private_ip": "10.0.1.216",
            "public_dns": "ec2-54-80-62-18.compute-1.amazonaws.com",
            "public_ip": "54.80.62.18",
            "region": "us-east-1",
            "root_block_device": [
              {
                "delete_on_termination": true,
                "device_name": "/dev/xvda",
                "encrypted": true,
                "iops": 3000,
                "kms_key_id": "arn:aws:kms:us-east-1:381636780001:key/a8ff4384-f339-41a6-85ff-6447ef1b2f38",
                "tags": null,
                "tags_all": {
                  "Environment": "dev",
                  "Owner": "sathish",
                  "Project": "config-server"
                },
                "throughput": 125,
                "volume_id": "vol-0a081682c8fd070b7",
                "volume_size": 8,
                "volume_type": "gp3"
              }
            ],
            "secondary_network_interface": [],
            "secondary_private_ips": [],
            "security_groups": [],
            "source_dest_check": true,
            "spot_instance_request_id": "",
            "subnet_id": "subnet-01cc63be2c4b56273",
            "tags": {
              "Name": "sathish-config-server"
            },
            "tags_all": {
              "Environment": "dev",
              "Name": "sathish-config-server",
              "Owner": "sathish",
              "Project": "config-server"
            },
            "tenancy": "default",
            "timeouts": null,
            "user_data": "#!/bin/bash\nset -e\n\n# Update and install Docker + AWS CLI\nyum update -y\nyum install -y docker aws-cli\nsystemctl start docker\nsystemctl enable docker\n\n# Fetch secrets from SSM Parameter Store — nothing sensitive in this script\nGIT_URI=$(aws ssm get-parameter \\\n  --name /config-server/git_uri \\\n  --query 'Parameter.Value' \\\n  --output text \\\n  --region us-east-1)\n\nENCRYPT_KEY=$(aws ssm get-parameter \\\n  --name /config-server/encrypt_key \\\n  --with-decryption \\\n  --query 'Parameter.Value' \\\n  --output text \\\n  --region us-east-1)\n\nUSERNAME=$(aws ssm get-parameter \\\n  --name /config-server/username \\\n  --query 'Parameter.Value' \\\n  --output text \\\n  --region us-east-1)\n\nPASS=$(aws ssm get-parameter \\\n  --name /config-server/pass \\\n  --with-decryption \\\n  --query 'Parameter.Value' \\\n  --output text \\\n  --region us-east-1)\n\n# Write to root-only env file and clear variables from shell\ninstall -m 600 /dev/null /etc/config-server.env\nprintf 'GIT_URI=%s\\nencrypt_key=%s\\nusername=%s\\npass=%s\\nAPP_PORT=8888\\n' \\\n  \"$GIT_URI\" \"$ENCRYPT_KEY\" \"$USERNAME\" \"$PASS\" \u003e /etc/config-server.env\n\nunset GIT_URI ENCRYPT_KEY USERNAME PASS\n\n# Pull and run the config server container\ndocker pull travelhelper0h/sathishproject-config-server:latest\n\ndocker run -d \\\n  --name config-server \\\n  --restart unless-stopped \\\n  -p 8888:8888 \\\n  --env-file /etc/config-server.env \\\n  travelhelper0h/sathishproject-config-server:latest\n",
            "user_data_base64": null,
            "user_data_replace_on_change": false,
            "volume_tags": null,
            "vpc_security_group_ids": [
              "sg-0d6a8bd324aff64ef"
            ]
          },
          "sensitive_attributes": [],
          "identity_schema_version": 0,
          "identity": {
            "account_id": "381636780001",
            "id": "i-05dc6bf37bda6bdb2",
            "region": "us-east-1"
          },
          "private": "eyJlMmJmYjczMC1lY2FhLTExZTYtOGY4OC0zNDM2M2JjN2M0YzAiOnsiY3JlYXRlIjo2MDAwMDAwMDAwMDAsImRlbGV0ZSI6MTIwMDAwMDAwMDAwMCwicmVhZCI6OTAwMDAwMDAwMDAwLCJ1cGRhdGUiOjYwMDAwMDAwMDAwMH0sInNjaGVtYV92ZXJzaW9uIjoiMiJ9",
          "dependencies": [
            "aws_iam_instance_profile.config_server",
            "aws_iam_role.config_server",
            "aws_key_pair.config_server",
            "aws_security_group.config_server",
            "aws_subnet.this",
            "aws_vpc.this",
            "data.aws_ami.this",
            "data.aws_availability_zones.available",
            "tls_private_key.config_server"
          ]
        }
      ]
    },
    {
      "mode": "managed",
      "type": "aws_internet_gateway",
      "name": "this",
      "provider": "provider[\"registry.terraform.io/hashicorp/aws\"]",
      "instances": [
        {
          "schema_version": 0,
          "attributes": {
            "arn": "arn:aws:ec2:us-east-1:381636780001:internet-gateway/igw-0bc58cb823ca21d4c",
            "id": "igw-0bc58cb823ca21d4c",
            "owner_id": "381636780001",
            "region": "us-east-1",
            "tags": {
              "Name": "config-server-igw"
            },
            "tags_all": {
              "Environment": "dev",
              "Name": "config-server-igw",
              "Owner": "sathish",
              "Project": "config-server"
            },
            "timeouts": null,
            "vpc_id": "vpc-07e2a98b6d2a2bcf5"
          },
          "sensitive_attributes": [],
          "identity_schema_version": 0,
          "private": "eyJlMmJmYjczMC1lY2FhLTExZTYtOGY4OC0zNDM2M2JjN2M0YzAiOnsiY3JlYXRlIjoxMjAwMDAwMDAwMDAwLCJkZWxldGUiOjEyMDAwMDAwMDAwMDAsInVwZGF0ZSI6MTIwMDAwMDAwMDAwMH19",
          "dependencies": [
            "aws_vpc.this"
          ]
        }
      ]
    },
    {
      "mode": "managed",
      "type": "aws_key_pair",
      "name": "config_server",
      "provider": "provider[\"registry.terraform.io/hashicorp/aws\"]",
      "instances": [
        {
          "schema_version": 1,
          "attributes": {
            "arn": "arn:aws:ec2:us-east-1:381636780001:key-pair/formac",
            "fingerprint": "6d:1f:b7:e3:14:cb:9b:98:47:ae:06:60:a0:a7:b0:c3",
            "id": "formac",
            "key_name": "formac",
            "key_name_prefix": "",
            "key_pair_id": "key-08641d0fdad8e061e",
            "key_type": "rsa",
            "public_key": "ssh-rsa AAAAB3NzaC1yc2EAAAADAQABAAACAQDhk/a90r3X4VgXKicU0bwV8H1k+fbLnmR8FAMIf6Bektqnds9bkpvc9CaFFU/rD1rQbtQ2jAm00EePRaWwoqeeoUcwcTv56KY33nSH6gow7illm2VTkL1Wbc0Kt/D6POZlx9H/zhPmCqXnz/R8wZE+Ju9oWBIMgTyHNpjfg1m/ikgTethH+T0vMUyonWnh74ugd4n/QTXph19Fp4WqiyFMTS72x/Yr7LAO/RE1CkO7ZdvX95BA93FRV7VCtkLuGHh3ucXXmfKC3FyZKn3RezwCCFp32iED9uDvX8Av/az0CR+tEPpG/jfovzoUF5Idn8xP/FRNqRX5E8L8slBfCg5aBhp00Sl5iKlb8YYTGm3AJyZ0QFjguoKCjZYLpQXCRAW1P9/hH+uiIbQPC8kRqfU1HVK/+RU19ooKeDk5kfMxg/ZqQP7Quoz13E0+q7jnZdo3TbDTVzjZpRcqGoQJ39xgnWAkB1herwLIpmdA4aPW0xx0YI6uKk/A/HxAAWLjbFCa0bZJ9HKIITKsSDW0B/UGHiQSSZDnmpl2MoK9sZbj1vlJNLoVLU0Nsq/NvzJl7boe+r5rnxDAOTO2bi664eSrrL4rspkZkxZEqrIGK6P5omhHrbHmGA+age9EkXeBp4dJ20a0xUxQd715IfoKM2rUJSUtjoFm15h8MpCjWCC0zw==",
            "region": "us-east-1",
            "tags": null,
            "tags_all": {
              "Environment": "dev",
              "Owner": "sathish",
              "Project": "config-server"
            }
          },
          "sensitive_attributes": [],
          "identity_schema_version": 0,
          "private": "eyJzY2hlbWFfdmVyc2lvbiI6IjEifQ==",
          "dependencies": [
            "tls_private_key.config_server"
          ]
        }
      ]
    },
    {
      "mode": "managed",
      "type": "aws_route_table",
      "name": "this",
      "provider": "provider[\"registry.terraform.io/hashicorp/aws\"]",
      "instances": [
        {
          "schema_version": 0,
          "attributes": {
            "arn": "arn:aws:ec2:us-east-1:381636780001:route-table/rtb-0ddf55aab289f2eca",
            "id": "rtb-0ddf55aab289f2eca",
            "owner_id": "381636780001",
            "propagating_vgws": [],
            "region": "us-east-1",
            "route": [
              {
                "carrier_gateway_id": "",
                "cidr_block": "0.0.0.0/0",
                "core_network_arn": "",
                "destination_prefix_list_id": "",
                "egress_only_gateway_id": "",
                "gateway_id": "igw-0bc58cb823ca21d4c",
                "ipv6_cidr_block": "",
                "local_gateway_id": "",
                "nat_gateway_id": "",
                "network_interface_id": "",
                "transit_gateway_id": "",
                "vpc_endpoint_id": "",
                "vpc_peering_connection_id": ""
              }
            ],
            "tags": {
              "Name": "config-server-rt"
            },
            "tags_all": {
              "Environment": "dev",
              "Name": "config-server-rt",
              "Owner": "sathish",
              "Project": "config-server"
            },
            "timeouts": null,
            "vpc_id": "vpc-07e2a98b6d2a2bcf5"
          },
          "sensitive_attributes": [],
          "identity_schema_version": 0,
          "identity": {
            "account_id": "381636780001",
            "id": "rtb-0ddf55aab289f2eca",
            "region": "us-east-1"
          },
          "private": "eyJlMmJmYjczMC1lY2FhLTExZTYtOGY4OC0zNDM2M2JjN2M0YzAiOnsiY3JlYXRlIjozMDAwMDAwMDAwMDAsImRlbGV0ZSI6MzAwMDAwMDAwMDAwLCJ1cGRhdGUiOjEyMDAwMDAwMDAwMH19",
          "dependencies": [
            "aws_internet_gateway.this",
            "aws_vpc.this"
          ]
        }
      ]
    },
    {
      "mode": "managed",
      "type": "aws_route_table_association",
      "name": "this",
      "provider": "provider[\"registry.terraform.io/hashicorp/aws\"]",
      "instances": [
        {
          "schema_version": 0,
          "attributes": {
            "gateway_id": "",
            "id": "rtbassoc-010ffee474d1c7b44",
            "region": "us-east-1",
            "route_table_id": "rtb-0ddf55aab289f2eca",
            "subnet_id": "subnet-01cc63be2c4b56273",
            "timeouts": null
          },
          "sensitive_attributes": [],
          "identity_schema_version": 0,
          "private": "eyJlMmJmYjczMC1lY2FhLTExZTYtOGY4OC0zNDM2M2JjN2M0YzAiOnsiY3JlYXRlIjozMDAwMDAwMDAwMDAsImRlbGV0ZSI6MzAwMDAwMDAwMDAwLCJ1cGRhdGUiOjEyMDAwMDAwMDAwMH19",
          "dependencies": [
            "aws_internet_gateway.this",
            "aws_route_table.this",
            "aws_subnet.this",
            "aws_vpc.this",
            "data.aws_availability_zones.available"
          ]
        }
      ]
    },
    {
      "mode": "managed",
      "type": "aws_security_group",
      "name": "config_server",
      "provider": "provider[\"registry.terraform.io/hashicorp/aws\"]",
      "instances": [
        {
          "schema_version": 1,
          "attributes": {
            "arn": "arn:aws:ec2:us-east-1:381636780001:security-group/sg-0d6a8bd324aff64ef",
            "description": "Allow SSH from trusted IP and config server port 8888",
            "egress": [
              {
                "cidr_blocks": [
                  "0.0.0.0/0"
                ],
                "description": "",
                "from_port": 0,
                "ipv6_cidr_blocks": [],
                "prefix_list_ids": [],
                "protocol": "-1",
                "security_groups": [],
                "self": false,
                "to_port": 0
              }
            ],
            "id": "sg-0d6a8bd324aff64ef",
            "ingress": [
              {
                "cidr_blocks": [
                  "0.0.0.0/0"
                ],
                "description": "Config server port",
                "from_port": 8888,
                "ipv6_cidr_blocks": [],
                "prefix_list_ids": [],
                "protocol": "tcp",
                "security_groups": [],
                "self": false,
                "to_port": 8888
              },
              {
                "cidr_blocks": [
                  "0.0.0.0/0"
                ],
                "description": "SSH from trusted IP only",
                "from_port": 22,
                "ipv6_cidr_blocks": [],
                "prefix_list_ids": [],
                "protocol": "tcp",
                "security_groups": [],
                "self": false,
                "to_port": 22
              }
            ],
            "name": "config-server-sg",
            "name_prefix": "",
            "owner_id": "381636780001",
            "region": "us-east-1",
            "revoke_rules_on_delete": false,
            "tags": {
              "Name": "config-server-sg"
            },
            "tags_all": {
              "Environment": "dev",
              "Name": "config-server-sg",
              "Owner": "sathish",
              "Project": "config-server"
            },
            "timeouts": null,
            "vpc_id": "vpc-07e2a98b6d2a2bcf5"
          },
          "sensitive_attributes": [],
          "identity_schema_version": 0,
          "identity": {
            "account_id": "381636780001",
            "id": "sg-0d6a8bd324aff64ef",
            "region": "us-east-1"
          },
          "private": "eyJlMmJmYjczMC1lY2FhLTExZTYtOGY4OC0zNDM2M2JjN2M0YzAiOnsiY3JlYXRlIjo2MDAwMDAwMDAwMDAsImRlbGV0ZSI6OTAwMDAwMDAwMDAwfSwic2NoZW1hX3ZlcnNpb24iOiIxIn0=",
          "dependencies": [
            "aws_vpc.this"
          ]
        }
      ]
    },
    {
      "mode": "managed",
      "type": "aws_ssm_parameter",
      "name": "encrypt_key",
      "provider": "provider[\"registry.terraform.io/hashicorp/aws\"]",
      "instances": [
        {
          "schema_version": 0,
          "attributes": {
            "allowed_pattern": "",
            "arn": "arn:aws:ssm:us-east-1:381636780001:parameter/config-server/encrypt_key",
            "data_type": "text",
            "description": "",
            "has_value_wo": false,
            "id": "/config-server/encrypt_key",
            "insecure_value": null,
            "key_id": "alias/aws/ssm",
            "name": "/config-server/encrypt_key",
            "overwrite": null,
            "region": "us-east-1",
            "tags": null,
            "tags_all": {
              "Environment": "dev",
              "Owner": "sathish",
              "Project": "config-server"
            },
            "tier": "Standard",
            "type": "SecureString",
            "value": "MIICeAIBADANBgkqhkiG9w0BAQEFAASCAmIwggJeAgEAAoGBAK8GMsEw44Vw71MsofkIaS5PWKVP1A2yNCxoXNP31VEi4gCUt2ViRkan/c4/WXW7eAOP07Qh7Z287TfZFbgH2oNpVBakuTo5VdmpknZ3z89I4ah36l3+DwaY7JuSSVl0KzDs/xXesmJxBU8gxtNh9AzTvYxuR4bTGPZDMVJuBQ9nAgMBAAECgYAoxQbZnavCD7aP51uriNwHX5BEob3BmvswRPcqoRZdmgSPIhU+VpAMMWGbw4HxPMQOAFjOIwEYt0OCuNyoS5wIkJwYpu5skP5dZ02+TnzZ4LQpEIyLWZtK2BVK/PXTGmMh0zYBE4Ruvx4pwfb0A0nltzY5H5yCR72QMnZloR/T0QJBAPb5MDkobGB19rUezSxUAuCQeLEmdmH5BHD71jtS/EaPCKGkp4ifZ/SO5N8JibyN5MLZ/dDZ51GOWOY4LTn9hbsCQQC1a9DfBVvtJlgtg+aITZwV+rHLKlVP141RbOmoYWJwrubja4fmkQuqXJNfeei3LQ6XclvXHujq9LLCpvlo7cxFAkEAxusDlTXivHqmn1DUrhxoSNjz7LLu7JA1rI6aCSQYvvfbWt4Udez2PLqOyrmS74RVuT78uKeZMU32ek7K1odEmwJBALR8SXTGURjSD+FgGoW5qDHZkO2M9QiUafv6vU4NbDCsX/kaLj58SD25EchncNRjF+QlG",
            "value_wo": null,
            "value_wo_version": null,
            "version": 1
          },
          "sensitive_attributes": [
            [
              {
                "type": "get_attr",
                "value": "value"
              }
            ],
            [
              {
                "type": "get_attr",
                "value": "value_wo"
              }
            ]
          ],
          "identity_schema_version": 0,
          "identity": {
            "account_id": "381636780001",
            "name": "/config-server/encrypt_key",
            "region": "us-east-1"
          },
          "private": "bnVsbA=="
        }
      ]
    },
    {
      "mode": "managed",
      "type": "aws_ssm_parameter",
      "name": "git_uri",
      "provider": "provider[\"registry.terraform.io/hashicorp/aws\"]",
      "instances": [
        {
          "schema_version": 0,
          "attributes": {
            "allowed_pattern": "",
            "arn": "arn:aws:ssm:us-east-1:381636780001:parameter/config-server/git_uri",
            "data_type": "text",
            "description": "",
            "has_value_wo": false,
            "id": "/config-server/git_uri",
            "insecure_value": null,
            "key_id": "",
            "name": "/config-server/git_uri",
            "overwrite": null,
            "region": "us-east-1",
            "tags": null,
            "tags_all": {
              "Environment": "dev",
              "Owner": "sathish",
              "Project": "config-server"
            },
            "tier": "Standard",
            "type": "String",
            "value": "https://github.com/sathishjayapal/jubilant-memory.git",
            "value_wo": null,
            "value_wo_version": null,
            "version": 1
          },
          "sensitive_attributes": [
            [
              {
                "type": "get_attr",
                "value": "value"
              }
            ],
            [
              {
                "type": "get_attr",
                "value": "value_wo"
              }
            ]
          ],
          "identity_schema_version": 0,
          "identity": {
            "account_id": "381636780001",
            "name": "/config-server/git_uri",
            "region": "us-east-1"
          },
          "private": "bnVsbA=="
        }
      ]
    },
    {
      "mode": "managed",
      "type": "aws_ssm_parameter",
      "name": "pass",
      "provider": "provider[\"registry.terraform.io/hashicorp/aws\"]",
      "instances": [
        {
          "schema_version": 0,
          "attributes": {
            "allowed_pattern": "",
            "arn": "arn:aws:ssm:us-east-1:381636780001:parameter/config-server/pass",
            "data_type": "text",
            "description": "",
            "has_value_wo": false,
            "id": "/config-server/pass",
            "insecure_value": null,
            "key_id": "alias/aws/ssm",
            "name": "/config-server/pass",
            "overwrite": null,
            "region": "us-east-1",
            "tags": null,
            "tags_all": {
              "Environment": "dev",
              "Owner": "sathish",
              "Project": "config-server"
            },
            "tier": "Standard",
            "type": "SecureString",
            "value": "pass",
            "value_wo": null,
            "value_wo_version": null,
            "version": 1
          },
          "sensitive_attributes": [
            [
              {
                "type": "get_attr",
                "value": "value"
              }
            ],
            [
              {
                "type": "get_attr",
                "value": "value_wo"
              }
            ]
          ],
          "identity_schema_version": 0,
          "identity": {
            "account_id": "381636780001",
            "name": "/config-server/pass",
            "region": "us-east-1"
          },
          "private": "bnVsbA=="
        }
      ]
    },
    {
      "mode": "managed",
      "type": "aws_ssm_parameter",
      "name": "username",
      "provider": "provider[\"registry.terraform.io/hashicorp/aws\"]",
      "instances": [
        {
          "schema_version": 0,
          "attributes": {
            "allowed_pattern": "",
            "arn": "arn:aws:ssm:us-east-1:381636780001:parameter/config-server/username",
            "data_type": "text",
            "description": "",
            "has_value_wo": false,
            "id": "/config-server/username",
            "insecure_value": null,
            "key_id": "",
            "name": "/config-server/username",
            "overwrite": null,
            "region": "us-east-1",
            "tags": null,
            "tags_all": {
              "Environment": "dev",
              "Owner": "sathish",
              "Project": "config-server"
            },
            "tier": "Standard",
            "type": "String",
            "value": "sathish",
            "value_wo": null,
            "value_wo_version": null,
            "version": 1
          },
          "sensitive_attributes": [
            [
              {
                "type": "get_attr",
                "value": "value"
              }
            ],
            [
              {
                "type": "get_attr",
                "value": "value_wo"
              }
            ]
          ],
          "identity_schema_version": 0,
          "identity": {
            "account_id": "381636780001",
            "name": "/config-server/username",
            "region": "us-east-1"
          },
          "private": "bnVsbA=="
        }
      ]
    },
    {
      "mode": "managed",
      "type": "aws_subnet",
      "name": "this",
      "provider": "provider[\"registry.terraform.io/hashicorp/aws\"]",
      "instances": [
        {
          "schema_version": 1,
          "attributes": {
            "arn": "arn:aws:ec2:us-east-1:381636780001:subnet/subnet-01cc63be2c4b56273",
            "assign_ipv6_address_on_creation": false,
            "availability_zone": "us-east-1a",
            "availability_zone_id": "use1-az6",
            "cidr_block": "10.0.1.0/24",
            "customer_owned_ipv4_pool": "",
            "enable_dns64": false,
            "enable_lni_at_device_index": 0,
            "enable_resource_name_dns_a_record_on_launch": false,
            "enable_resource_name_dns_aaaa_record_on_launch": false,
            "id": "subnet-01cc63be2c4b56273",
            "ipv4_ipam_pool_id": null,
            "ipv4_netmask_length": null,
            "ipv6_cidr_block": "",
            "ipv6_cidr_block_association_id": "",
            "ipv6_ipam_pool_id": null,
            "ipv6_native": false,
            "ipv6_netmask_length": null,
            "map_customer_owned_ip_on_launch": false,
            "map_public_ip_on_launch": true,
            "outpost_arn": "",
            "owner_id": "381636780001",
            "private_dns_hostname_type_on_launch": "ip-name",
            "region": "us-east-1",
            "tags": {
              "Name": "config-server-subnet"
            },
            "tags_all": {
              "Environment": "dev",
              "Name": "config-server-subnet",
              "Owner": "sathish",
              "Project": "config-server"
            },
            "timeouts": null,
            "vpc_id": "vpc-07e2a98b6d2a2bcf5"
          },
          "sensitive_attributes": [],
          "identity_schema_version": 0,
          "identity": {
            "account_id": "381636780001",
            "id": "subnet-01cc63be2c4b56273",
            "region": "us-east-1"
          },
          "private": "eyJlMmJmYjczMC1lY2FhLTExZTYtOGY4OC0zNDM2M2JjN2M0YzAiOnsiY3JlYXRlIjo2MDAwMDAwMDAwMDAsImRlbGV0ZSI6MTIwMDAwMDAwMDAwMH0sInNjaGVtYV92ZXJzaW9uIjoiMSJ9",
          "dependencies": [
            "aws_vpc.this",
            "data.aws_availability_zones.available"
          ]
        }
      ]
    },
    {
      "mode": "managed",
      "type": "aws_vpc",
      "name": "this",
      "provider": "provider[\"registry.terraform.io/hashicorp/aws\"]",
      "instances": [
        {
          "schema_version": 1,
          "attributes": {
            "arn": "arn:aws:ec2:us-east-1:381636780001:vpc/vpc-07e2a98b6d2a2bcf5",
            "assign_generated_ipv6_cidr_block": false,
            "cidr_block": "10.0.0.0/16",
            "default_network_acl_id": "acl-05c26b2bcda897ad9",
            "default_route_table_id": "rtb-09ed0aaa1a049c266",
            "default_security_group_id": "sg-02acbc4d5ec9916d3",
            "dhcp_options_id": "dopt-0bbef5eecd324a4a8",
            "enable_dns_hostnames": true,
            "enable_dns_support": true,
            "enable_network_address_usage_metrics": false,
            "id": "vpc-07e2a98b6d2a2bcf5",
            "instance_tenancy": "default",
            "ipv4_ipam_pool_id": null,
            "ipv4_netmask_length": null,
            "ipv6_association_id": "",
            "ipv6_cidr_block": "",
            "ipv6_cidr_block_network_border_group": "",
            "ipv6_ipam_pool_id": "",
            "ipv6_netmask_length": 0,
            "main_route_table_id": "rtb-09ed0aaa1a049c266",
            "owner_id": "381636780001",
            "region": "us-east-1",
            "tags": {
              "Name": "config-server-vpc"
            },
            "tags_all": {
              "Environment": "dev",
              "Name": "config-server-vpc",
              "Owner": "sathish",
              "Project": "config-server"
            }
          },
          "sensitive_attributes": [],
          "identity_schema_version": 0,
          "identity": {
            "account_id": "381636780001",
            "id": "vpc-07e2a98b6d2a2bcf5",
            "region": "us-east-1"
          },
          "private": "eyJzY2hlbWFfdmVyc2lvbiI6IjEifQ=="
        }
      ]
    },
    {
      "mode": "managed",
      "type": "local_sensitive_file",
      "name": "private_key",
      "provider": "provider[\"registry.terraform.io/hashicorp/local\"]",
      "instances": [
        {
          "schema_version": 0,
          "attributes": {
            "content": "-----BEGIN RSA PRIVATE KEY-----\nMIIJKQIBAAKCAgEA4ZP2vdK91+FYFyonFNG8FfB9ZPn2y55kfBQDCH+gXpLap3bP\nW5Kb3PQmhRVP6w9a0G7UNowJtNBHj0WlsKKnnqFHMHE7+eimN950h+oKMO4pZZtl\nU5C9Vm3NCrfw+jzmZcfR/84T5gql58/0fMGRPibvaFgSDIE8hzaY34NZv4pIE3rY\nR/k9LzFMqJ1p4e+LoHeJ/0E16YdfRaeFqoshTE0u9sf2K+ywDv0RNQpDu2Xb1/eQ\nQPdxUVe1QrZC7hh4d7nF15nygtxcmSp90Xs8Aghad9ohA/bg71/AL/2s9AkfrRD6\nRv436L86FBeSHZ/MT/xUTakV+RPC/LJQXwoOWgYadNEpeYipW/GGExptwCcmdEBY\n4LqCgo2WC6UFwkQFtT/f4R/roiG0DwvJEan1NR1Sv/kVNfaKCng5OZHzMYP2akD+\n0LqM9dxNPqu452XaN02w01c42aUXKhqECd/cYJ1gJAdYXq8CyKZnQOGj1tMcdGCO\nripPwPx8QAFi42xQmtG2SfRyiCEyrEg1tAf1Bh4kEkmQ55qZdjKCvbGW49b5STS6\nFS1NDbKvzb8yZe26Hvq+a58QwDkztm4uuuHkq6y+K7KZGZMWRKqyBiuj+aJoR62x\n5hgPmoHvRJF3gaeHSdtGtMVMUHe9eSH6CjNq1CUlLY6BZteYfDKQo1ggtM8CAwEA\nAQKCAgAGoc0G6hbYYMp9Bw/WSUKx+m7iJ+wDmVXAkbrZ5lBJ6rnKMD0+DS9oummv\ngl+yvEuiBfNWfAOFCpXJnPVkHhDp7wZV/ESt8kZNk8xYep8JSHDbIrIPi0ylwxCp\nZTZAHsfY689wXLF+rLpExUgEEV5tz1zWjba27pqS9x32sR8gX7ZpLDSgcq/da7ui\ncXS9ecd6VK/Jjpp0XtCEQb3PGv9EBdKA2uj36m66ruILByqhBdU5O92rEbTsYugn\nXMIKMgBiTla5iGmPqcVNk4KjeAlDN6La4NGu38FGCGPXUipiYMPkck1WOcv3AdHf\ntiZ+zHkhsnxGbddn8H0ysYnMLlJOcSBvj1g+oy5AxALiC19GSeQ+W5nqgzFIOyV1\nPTsa2WhWySxsQ4r1zuIK0XeLnGJqXSLjOeziCYG6KAsXA3u4ZSMPmWdUJl0MdAOi\nMbBkFaIhRLzLXBr3d11xUDxVCoWHIGNCWpKETVhKTfty2MSsdqimu8XFFWoqkzhQ\nP/YEVMg3nzRTLQAiHu3zKFBjoO7mEiJktAi6Se80oeV+vwEyGS/d5GB5K8ST+Oy0\ncBAqz+zqiDZjimtCIt2cF8DrKBrvtUk6b/stUQheBuuVEWMWHF8kx4fqkYPdkC1q\nfc9dCrwSMj3BF6dLXZ22ZHMJAcBpkn3hcARVyaoiq9b3up+ToQKCAQEA6RyAuSXW\nKTWATK8Ue3c10At812iuvUPucHa1XtPRv8r/+7Od/Nx5iG0iYdb4pCTFC0phw4QG\nVgy85K1eLKqMxsDYNCyUxj5s+T0OSafpK4Px0M5Hx2jxwt0skXUC9+l1ZZqlL8Fr\n57FV2OUjgBPG8Qz2XhP+Iemiv6p0zZkiucfaLh7zt6KG4zQLSCwBkzjBXfgmnJhO\ncZ93J2sW0ISyoHa90e5s2GAa82snOu/V1o0UAlbi8UEXaLhggL6viVLiJ16YfSg8\nn2yU7KUKeFZJOGNjSPJEB73kJqyzvl1e+qXvMQnszmqQXeodEZpaxXL0MgDIWuVP\nagrdEGyCBiIL2QKCAQEA97oaLMRKpMuAW8/doxex4nzGAW2n4JLIq6VRWLJvCkNK\nuNNEC4NCtr1D4xTe8cZmdSQ4lK6vwto+1R8I6wFx+lhjl7m9kCDhf4LLmoj4wC5Y\njtbyVMcWZQ4pbD98MK6e90FU06XEFRjXos/38Clhp+DAi1BuB1RQ3DCfNv6X4dBJ\nCHe32TQ/OkPdjO7CmInOhmTwuIaqWCFayOjns/VmhRAjnUJ/N/ETLbhTZuWMhHp3\ntvd70RmCsV9cOuUpV93BoD8j3lWIlSjhok7HRt3wQqGfo/Ozuvaw4HiUHbyzDrtk\nIu/BjzKOE5+zkoyPEOHNmdMlVbS5QT2KW1+M8Lmk5wKCAQAyvWKDamnwNFYF2wIR\nUcRj0WxOEtoeFkA7OIuH5YE9RvlrFxCnbnIBsQeP1lPunpZJO9qFzSH37vParqXW\nARV9WZJ14NJNSF897P1EKQlG0IR9F7ll/UDKUowV6StJPQaxo/SarXZIS0BNYqrU\ngPmHlHO3zJA/X3RuVbLw4Yk+ePLToScZbIYBxF1ES1fYbL0iMBZvdXN1pekwqk2f\n+5JJ/S6aGFSW0GxtWYCDgprABZs6WyEwtCNdRuyyeU8KDAFv4lY8v9paNS9BRzc9\nNELhxDhjM2B9cubLSEIjiH1Y/29N9EQYNffQiVnkb/2cBsaCb8sshcdAZLbzkTrI\nDPcZAoIBAQCI3lCx5S3ciPb9QwaQonnMyeVYSq6THGY0t50PJV7GS9GP9mHE/puw\nfTdx0kkvSc+37vA37Z/8Rzqp44C43s6LY6R64suCQzhzi99UHVNaUwDowoeXIXwV\nD1MBlL3X49K+h2EHorGIenZBZSf2j9Z9u2aGUkTIVeRrE44UA2wE/mArhoGURxKb\n7X0N7aikQJdTl5eMTBL3qE4RbOT/f5lJ8VXMAD5ruQ1AmHO0CSWu2D8mXuwQ5khY\nGXjKrWw/OK1PDTOTFqzkxHaNh3sAg4TIO6YJHo9xv/SPwO8M0wIXJJ+50b+ej28C\nFp1PXct5p1hCIe+hv70O96Jmw48KPXeHAoIBAQCvvpYX1dTfB06Nc7gZ6wolpEwK\n+jM4eKWIc0XD1IQGjDklkB/bXxNEkyiw3Y9hDi3E562IYz40KCl/dc1V2TuAkmxr\nZLFRx8RHJhzUwGHwR1Zbmw8OtNGk9K5mt5DVQn6sxYmJu0e4EDbPFiysWkuFbXFC\nLyDsz1yih+zYjLu7qK8mutQ4LUjqhy4Pll+ipDM4h61WNPiT6U1Klwc9ASHjVBeg\n5IT89t7IN+ju1Av+44ZqvNNgsLIyvRLEQkYbcMp8MS0eylcOYNFjDbN+C9dDhBLd\nGffz1dYEif56ldR8afYGMyzQoKMR5raxieIC7kljPZP5VfguCc+NCBvnib6x\n-----END RSA PRIVATE KEY-----\n",
            "content_base64": null,
            "content_base64sha256": "1d9Mv1l3fqee4FdsEAjvWnE4rhIgaAkk02CqOvu4Jhw=",
            "content_base64sha512": "9PrZe88vEaRqLbqkS8HNZIczCxgtJYg6FCOvgXGlI7xoPwp1J6KB34GN7ueHforgRwx3PqN9XzBX/ucCzsNOiA==",
            "content_md5": "5052126eb4c4a5b523a70c32c246feab",
            "content_sha1": "b7ffa266fce7ec92aa16fb2d123d690762f12cbe",
            "content_sha256": "d5df4cbf59777ea79ee0576c1008ef5a7138ae1220680924d360aa3afbb8261c",
            "content_sha512": "f4fad97bcf2f11a46a2dbaa44bc1cd6487330b182d25883a1423af8171a523bc683f0a7527a281df818deee7877e8ae0470c773ea37d5f3057fee702cec34e88",
            "directory_permission": "0700",
            "file_permission": "0600",
            "filename": "./formac.pem",
            "id": "b7ffa266fce7ec92aa16fb2d123d690762f12cbe",
            "source": null
          },
          "sensitive_attributes": [
            [
              {
                "type": "get_attr",
                "value": "content"
              }
            ],
            [
              {
                "type": "get_attr",
                "value": "content_base64"
              }
            ]
          ],
          "identity_schema_version": 0,
          "dependencies": [
            "tls_private_key.config_server"
          ]
        }
      ]
    },
    {
      "mode": "managed",
      "type": "tls_private_key",
      "name": "config_server",
      "provider": "provider[\"registry.terraform.io/hashicorp/tls\"]",
      "instances": [
        {
          "schema_version": 1,
          "attributes": {
            "algorithm": "RSA",
            "ecdsa_curve": "P224",
            "id": "63e55fb336472ac93164ed97d9fe6651993060f2",
            "private_key_openssh": "-----BEGIN OPENSSH PRIVATE KEY-----\nb3BlbnNzaC1rZXktdjEAAAAABG5vbmUAAAAEbm9uZQAAAAAAAAABAAACFwAAAAdz\nc2gtcnNhAAAAAwEAAQAAAgEA4ZP2vdK91+FYFyonFNG8FfB9ZPn2y55kfBQDCH+g\nXpLap3bPW5Kb3PQmhRVP6w9a0G7UNowJtNBHj0WlsKKnnqFHMHE7+eimN950h+oK\nMO4pZZtlU5C9Vm3NCrfw+jzmZcfR/84T5gql58/0fMGRPibvaFgSDIE8hzaY34NZ\nv4pIE3rYR/k9LzFMqJ1p4e+LoHeJ/0E16YdfRaeFqoshTE0u9sf2K+ywDv0RNQpD\nu2Xb1/eQQPdxUVe1QrZC7hh4d7nF15nygtxcmSp90Xs8Aghad9ohA/bg71/AL/2s\n9AkfrRD6Rv436L86FBeSHZ/MT/xUTakV+RPC/LJQXwoOWgYadNEpeYipW/GGExpt\nwCcmdEBY4LqCgo2WC6UFwkQFtT/f4R/roiG0DwvJEan1NR1Sv/kVNfaKCng5OZHz\nMYP2akD+0LqM9dxNPqu452XaN02w01c42aUXKhqECd/cYJ1gJAdYXq8CyKZnQOGj\n1tMcdGCOripPwPx8QAFi42xQmtG2SfRyiCEyrEg1tAf1Bh4kEkmQ55qZdjKCvbGW\n49b5STS6FS1NDbKvzb8yZe26Hvq+a58QwDkztm4uuuHkq6y+K7KZGZMWRKqyBiuj\n+aJoR62x5hgPmoHvRJF3gaeHSdtGtMVMUHe9eSH6CjNq1CUlLY6BZteYfDKQo1gg\ntM8AAAc4V+BfE1fgXxMAAAAHc3NoLXJzYQAAAgEA4ZP2vdK91+FYFyonFNG8FfB9\nZPn2y55kfBQDCH+gXpLap3bPW5Kb3PQmhRVP6w9a0G7UNowJtNBHj0WlsKKnnqFH\nMHE7+eimN950h+oKMO4pZZtlU5C9Vm3NCrfw+jzmZcfR/84T5gql58/0fMGRPibv\naFgSDIE8hzaY34NZv4pIE3rYR/k9LzFMqJ1p4e+LoHeJ/0E16YdfRaeFqoshTE0u\n9sf2K+ywDv0RNQpDu2Xb1/eQQPdxUVe1QrZC7hh4d7nF15nygtxcmSp90Xs8Agha\nd9ohA/bg71/AL/2s9AkfrRD6Rv436L86FBeSHZ/MT/xUTakV+RPC/LJQXwoOWgYa\ndNEpeYipW/GGExptwCcmdEBY4LqCgo2WC6UFwkQFtT/f4R/roiG0DwvJEan1NR1S\nv/kVNfaKCng5OZHzMYP2akD+0LqM9dxNPqu452XaN02w01c42aUXKhqECd/cYJ1g\nJAdYXq8CyKZnQOGj1tMcdGCOripPwPx8QAFi42xQmtG2SfRyiCEyrEg1tAf1Bh4k\nEkmQ55qZdjKCvbGW49b5STS6FS1NDbKvzb8yZe26Hvq+a58QwDkztm4uuuHkq6y+\nK7KZGZMWRKqyBiuj+aJoR62x5hgPmoHvRJF3gaeHSdtGtMVMUHe9eSH6CjNq1CUl\nLY6BZteYfDKQo1ggtM8AAAADAQABAAACAAahzQbqFthgyn0HD9ZJQrH6buIn7AOZ\nVcCRutnmUEnqucowPT4NL2i6aa+CX7K8S6IF81Z8A4UKlcmc9WQeEOnvBlX8RK3y\nRk2TzFh6nwlIcNsisg+LTKXDEKllNkAex9jrz3BcsX6sukTFSAQRXm3PXNaNtrbu\nmpL3HfaxHyBftmksNKByr91ru6JxdL15x3pUr8mOmnRe0IRBvc8a/0QF0oDa6Pfq\nbrqu4gsHKqEF1Tk73asRtOxi6CdcwgoyAGJOVrmIaY+pxU2TgqN4CUM3otrg0a7f\nwUYIY9dSKmJgw+RyTVY5y/cB0d+2Jn7MeSGyfEZt12fwfTKxicwuUk5xIG+PWD6j\nLkDEAuILX0ZJ5D5bmeqDMUg7JXU9OxrZaFbJLGxDivXO4grRd4ucYmpdIuM57OIJ\ngbooCxcDe7hlIw+ZZ1QmXQx0A6IxsGQVoiFEvMtcGvd3XXFQPFUKhYcgY0JakoRN\nWEpN+3LYxKx2qKa7xcUVaiqTOFA/9gRUyDefNFMtACIe7fMoUGOg7uYSImS0CLpJ\n7zSh5X6/ATIZL93kYHkrxJP47LRwECrP7OqINmOKa0Ii3ZwXwOsoGu+1STpv+y1R\nCF4G65URYxYcXyTHh+qRg92QLWp9z10KvBIyPcEXp0tdnbZkcwkBwGmSfeFwBFXJ\nqiKr1ve6n5OhAAABAQCvvpYX1dTfB06Nc7gZ6wolpEwK+jM4eKWIc0XD1IQGjDkl\nkB/bXxNEkyiw3Y9hDi3E562IYz40KCl/dc1V2TuAkmxrZLFRx8RHJhzUwGHwR1Zb\nmw8OtNGk9K5mt5DVQn6sxYmJu0e4EDbPFiysWkuFbXFCLyDsz1yih+zYjLu7qK8m\nutQ4LUjqhy4Pll+ipDM4h61WNPiT6U1Klwc9ASHjVBeg5IT89t7IN+ju1Av+44Zq\nvNNgsLIyvRLEQkYbcMp8MS0eylcOYNFjDbN+C9dDhBLdGffz1dYEif56ldR8afYG\nMyzQoKMR5raxieIC7kljPZP5VfguCc+NCBvnib6xAAABAQDpHIC5JdYpNYBMrxR7\ndzXQC3zXaK69Q+5wdrVe09G/yv/7s5383HmIbSJh1vikJMULSmHDhAZWDLzkrV4s\nqozGwNg0LJTGPmz5PQ5Jp+krg/HQzkfHaPHC3SyRdQL36XVlmqUvwWvnsVXY5SOA\nE8bxDPZeE/4h6aK/qnTNmSK5x9ouHvO3oobjNAtILAGTOMFd+CacmE5xn3cnaxbQ\nhLKgdr3R7mzYYBrzayc679XWjRQCVuLxQRdouGCAvq+JUuInXph9KDyfbJTspQp4\nVkk4Y2NI8kQHveQmrLO+XV76pe8xCezOapBd6h0RmlrFcvQyAMha5U9qCt0QbIIG\nIgvZAAABAQD3uhosxEqky4Bbz92jF7HifMYBbafgksirpVFYsm8KQ0q400QLg0K2\nvUPjFN7xxmZ1JDiUrq/C2j7VHwjrAXH6WGOXub2QIOF/gsuaiPjALliO1vJUxxZl\nDilsP3wwrp73QVTTpcQVGNeiz/fwKWGn4MCLUG4HVFDcMJ82/pfh0EkId7fZND86\nQ92M7sKYic6GZPC4hqpYIVrI6Oez9WaFECOdQn838RMtuFNm5YyEene293vRGYKx\nX1w65SlX3cGgPyPeVYiVKOGiTsdG3fBCoZ+j87O69rDgeJQdvLMOu2Qi78GPMo4T\nn7OSjI8Q4c2Z0yVVtLlBPYpbX4zwuaTnAAAAAAEC\n-----END OPENSSH PRIVATE KEY-----\n",
            "private_key_pem": "-----BEGIN RSA PRIVATE KEY-----\nMIIJKQIBAAKCAgEA4ZP2vdK91+FYFyonFNG8FfB9ZPn2y55kfBQDCH+gXpLap3bP\nW5Kb3PQmhRVP6w9a0G7UNowJtNBHj0WlsKKnnqFHMHE7+eimN950h+oKMO4pZZtl\nU5C9Vm3NCrfw+jzmZcfR/84T5gql58/0fMGRPibvaFgSDIE8hzaY34NZv4pIE3rY\nR/k9LzFMqJ1p4e+LoHeJ/0E16YdfRaeFqoshTE0u9sf2K+ywDv0RNQpDu2Xb1/eQ\nQPdxUVe1QrZC7hh4d7nF15nygtxcmSp90Xs8Aghad9ohA/bg71/AL/2s9AkfrRD6\nRv436L86FBeSHZ/MT/xUTakV+RPC/LJQXwoOWgYadNEpeYipW/GGExptwCcmdEBY\n4LqCgo2WC6UFwkQFtT/f4R/roiG0DwvJEan1NR1Sv/kVNfaKCng5OZHzMYP2akD+\n0LqM9dxNPqu452XaN02w01c42aUXKhqECd/cYJ1gJAdYXq8CyKZnQOGj1tMcdGCO\nripPwPx8QAFi42xQmtG2SfRyiCEyrEg1tAf1Bh4kEkmQ55qZdjKCvbGW49b5STS6\nFS1NDbKvzb8yZe26Hvq+a58QwDkztm4uuuHkq6y+K7KZGZMWRKqyBiuj+aJoR62x\n5hgPmoHvRJF3gaeHSdtGtMVMUHe9eSH6CjNq1CUlLY6BZteYfDKQo1ggtM8CAwEA\nAQKCAgAGoc0G6hbYYMp9Bw/WSUKx+m7iJ+wDmVXAkbrZ5lBJ6rnKMD0+DS9oummv\ngl+yvEuiBfNWfAOFCpXJnPVkHhDp7wZV/ESt8kZNk8xYep8JSHDbIrIPi0ylwxCp\nZTZAHsfY689wXLF+rLpExUgEEV5tz1zWjba27pqS9x32sR8gX7ZpLDSgcq/da7ui\ncXS9ecd6VK/Jjpp0XtCEQb3PGv9EBdKA2uj36m66ruILByqhBdU5O92rEbTsYugn\nXMIKMgBiTla5iGmPqcVNk4KjeAlDN6La4NGu38FGCGPXUipiYMPkck1WOcv3AdHf\ntiZ+zHkhsnxGbddn8H0ysYnMLlJOcSBvj1g+oy5AxALiC19GSeQ+W5nqgzFIOyV1\nPTsa2WhWySxsQ4r1zuIK0XeLnGJqXSLjOeziCYG6KAsXA3u4ZSMPmWdUJl0MdAOi\nMbBkFaIhRLzLXBr3d11xUDxVCoWHIGNCWpKETVhKTfty2MSsdqimu8XFFWoqkzhQ\nP/YEVMg3nzRTLQAiHu3zKFBjoO7mEiJktAi6Se80oeV+vwEyGS/d5GB5K8ST+Oy0\ncBAqz+zqiDZjimtCIt2cF8DrKBrvtUk6b/stUQheBuuVEWMWHF8kx4fqkYPdkC1q\nfc9dCrwSMj3BF6dLXZ22ZHMJAcBpkn3hcARVyaoiq9b3up+ToQKCAQEA6RyAuSXW\nKTWATK8Ue3c10At812iuvUPucHa1XtPRv8r/+7Od/Nx5iG0iYdb4pCTFC0phw4QG\nVgy85K1eLKqMxsDYNCyUxj5s+T0OSafpK4Px0M5Hx2jxwt0skXUC9+l1ZZqlL8Fr\n57FV2OUjgBPG8Qz2XhP+Iemiv6p0zZkiucfaLh7zt6KG4zQLSCwBkzjBXfgmnJhO\ncZ93J2sW0ISyoHa90e5s2GAa82snOu/V1o0UAlbi8UEXaLhggL6viVLiJ16YfSg8\nn2yU7KUKeFZJOGNjSPJEB73kJqyzvl1e+qXvMQnszmqQXeodEZpaxXL0MgDIWuVP\nagrdEGyCBiIL2QKCAQEA97oaLMRKpMuAW8/doxex4nzGAW2n4JLIq6VRWLJvCkNK\nuNNEC4NCtr1D4xTe8cZmdSQ4lK6vwto+1R8I6wFx+lhjl7m9kCDhf4LLmoj4wC5Y\njtbyVMcWZQ4pbD98MK6e90FU06XEFRjXos/38Clhp+DAi1BuB1RQ3DCfNv6X4dBJ\nCHe32TQ/OkPdjO7CmInOhmTwuIaqWCFayOjns/VmhRAjnUJ/N/ETLbhTZuWMhHp3\ntvd70RmCsV9cOuUpV93BoD8j3lWIlSjhok7HRt3wQqGfo/Ozuvaw4HiUHbyzDrtk\nIu/BjzKOE5+zkoyPEOHNmdMlVbS5QT2KW1+M8Lmk5wKCAQAyvWKDamnwNFYF2wIR\nUcRj0WxOEtoeFkA7OIuH5YE9RvlrFxCnbnIBsQeP1lPunpZJO9qFzSH37vParqXW\nARV9WZJ14NJNSF897P1EKQlG0IR9F7ll/UDKUowV6StJPQaxo/SarXZIS0BNYqrU\ngPmHlHO3zJA/X3RuVbLw4Yk+ePLToScZbIYBxF1ES1fYbL0iMBZvdXN1pekwqk2f\n+5JJ/S6aGFSW0GxtWYCDgprABZs6WyEwtCNdRuyyeU8KDAFv4lY8v9paNS9BRzc9\nNELhxDhjM2B9cubLSEIjiH1Y/29N9EQYNffQiVnkb/2cBsaCb8sshcdAZLbzkTrI\nDPcZAoIBAQCI3lCx5S3ciPb9QwaQonnMyeVYSq6THGY0t50PJV7GS9GP9mHE/puw\nfTdx0kkvSc+37vA37Z/8Rzqp44C43s6LY6R64suCQzhzi99UHVNaUwDowoeXIXwV\nD1MBlL3X49K+h2EHorGIenZBZSf2j9Z9u2aGUkTIVeRrE44UA2wE/mArhoGURxKb\n7X0N7aikQJdTl5eMTBL3qE4RbOT/f5lJ8VXMAD5ruQ1AmHO0CSWu2D8mXuwQ5khY\nGXjKrWw/OK1PDTOTFqzkxHaNh3sAg4TIO6YJHo9xv/SPwO8M0wIXJJ+50b+ej28C\nFp1PXct5p1hCIe+hv70O96Jmw48KPXeHAoIBAQCvvpYX1dTfB06Nc7gZ6wolpEwK\n+jM4eKWIc0XD1IQGjDklkB/bXxNEkyiw3Y9hDi3E562IYz40KCl/dc1V2TuAkmxr\nZLFRx8RHJhzUwGHwR1Zbmw8OtNGk9K5mt5DVQn6sxYmJu0e4EDbPFiysWkuFbXFC\nLyDsz1yih+zYjLu7qK8mutQ4LUjqhy4Pll+ipDM4h61WNPiT6U1Klwc9ASHjVBeg\n5IT89t7IN+ju1Av+44ZqvNNgsLIyvRLEQkYbcMp8MS0eylcOYNFjDbN+C9dDhBLd\nGffz1dYEif56ldR8afYGMyzQoKMR5raxieIC7kljPZP5VfguCc+NCBvnib6x\n-----END RSA PRIVATE KEY-----\n",
            "private_key_pem_pkcs8": "-----BEGIN PRIVATE KEY-----\nMIIJQwIBADANBgkqhkiG9w0BAQEFAASCCS0wggkpAgEAAoICAQDhk/a90r3X4VgX\nKicU0bwV8H1k+fbLnmR8FAMIf6Bektqnds9bkpvc9CaFFU/rD1rQbtQ2jAm00EeP\nRaWwoqeeoUcwcTv56KY33nSH6gow7illm2VTkL1Wbc0Kt/D6POZlx9H/zhPmCqXn\nz/R8wZE+Ju9oWBIMgTyHNpjfg1m/ikgTethH+T0vMUyonWnh74ugd4n/QTXph19F\np4WqiyFMTS72x/Yr7LAO/RE1CkO7ZdvX95BA93FRV7VCtkLuGHh3ucXXmfKC3FyZ\nKn3RezwCCFp32iED9uDvX8Av/az0CR+tEPpG/jfovzoUF5Idn8xP/FRNqRX5E8L8\nslBfCg5aBhp00Sl5iKlb8YYTGm3AJyZ0QFjguoKCjZYLpQXCRAW1P9/hH+uiIbQP\nC8kRqfU1HVK/+RU19ooKeDk5kfMxg/ZqQP7Quoz13E0+q7jnZdo3TbDTVzjZpRcq\nGoQJ39xgnWAkB1herwLIpmdA4aPW0xx0YI6uKk/A/HxAAWLjbFCa0bZJ9HKIITKs\nSDW0B/UGHiQSSZDnmpl2MoK9sZbj1vlJNLoVLU0Nsq/NvzJl7boe+r5rnxDAOTO2\nbi664eSrrL4rspkZkxZEqrIGK6P5omhHrbHmGA+age9EkXeBp4dJ20a0xUxQd715\nIfoKM2rUJSUtjoFm15h8MpCjWCC0zwIDAQABAoICAAahzQbqFthgyn0HD9ZJQrH6\nbuIn7AOZVcCRutnmUEnqucowPT4NL2i6aa+CX7K8S6IF81Z8A4UKlcmc9WQeEOnv\nBlX8RK3yRk2TzFh6nwlIcNsisg+LTKXDEKllNkAex9jrz3BcsX6sukTFSAQRXm3P\nXNaNtrbumpL3HfaxHyBftmksNKByr91ru6JxdL15x3pUr8mOmnRe0IRBvc8a/0QF\n0oDa6Pfqbrqu4gsHKqEF1Tk73asRtOxi6CdcwgoyAGJOVrmIaY+pxU2TgqN4CUM3\notrg0a7fwUYIY9dSKmJgw+RyTVY5y/cB0d+2Jn7MeSGyfEZt12fwfTKxicwuUk5x\nIG+PWD6jLkDEAuILX0ZJ5D5bmeqDMUg7JXU9OxrZaFbJLGxDivXO4grRd4ucYmpd\nIuM57OIJgbooCxcDe7hlIw+ZZ1QmXQx0A6IxsGQVoiFEvMtcGvd3XXFQPFUKhYcg\nY0JakoRNWEpN+3LYxKx2qKa7xcUVaiqTOFA/9gRUyDefNFMtACIe7fMoUGOg7uYS\nImS0CLpJ7zSh5X6/ATIZL93kYHkrxJP47LRwECrP7OqINmOKa0Ii3ZwXwOsoGu+1\nSTpv+y1RCF4G65URYxYcXyTHh+qRg92QLWp9z10KvBIyPcEXp0tdnbZkcwkBwGmS\nfeFwBFXJqiKr1ve6n5OhAoIBAQDpHIC5JdYpNYBMrxR7dzXQC3zXaK69Q+5wdrVe\n09G/yv/7s5383HmIbSJh1vikJMULSmHDhAZWDLzkrV4sqozGwNg0LJTGPmz5PQ5J\np+krg/HQzkfHaPHC3SyRdQL36XVlmqUvwWvnsVXY5SOAE8bxDPZeE/4h6aK/qnTN\nmSK5x9ouHvO3oobjNAtILAGTOMFd+CacmE5xn3cnaxbQhLKgdr3R7mzYYBrzayc6\n79XWjRQCVuLxQRdouGCAvq+JUuInXph9KDyfbJTspQp4Vkk4Y2NI8kQHveQmrLO+\nXV76pe8xCezOapBd6h0RmlrFcvQyAMha5U9qCt0QbIIGIgvZAoIBAQD3uhosxEqk\ny4Bbz92jF7HifMYBbafgksirpVFYsm8KQ0q400QLg0K2vUPjFN7xxmZ1JDiUrq/C\n2j7VHwjrAXH6WGOXub2QIOF/gsuaiPjALliO1vJUxxZlDilsP3wwrp73QVTTpcQV\nGNeiz/fwKWGn4MCLUG4HVFDcMJ82/pfh0EkId7fZND86Q92M7sKYic6GZPC4hqpY\nIVrI6Oez9WaFECOdQn838RMtuFNm5YyEene293vRGYKxX1w65SlX3cGgPyPeVYiV\nKOGiTsdG3fBCoZ+j87O69rDgeJQdvLMOu2Qi78GPMo4Tn7OSjI8Q4c2Z0yVVtLlB\nPYpbX4zwuaTnAoIBADK9YoNqafA0VgXbAhFRxGPRbE4S2h4WQDs4i4flgT1G+WsX\nEKducgGxB4/WU+6elkk72oXNIffu89qupdYBFX1ZknXg0k1IXz3s/UQpCUbQhH0X\nuWX9QMpSjBXpK0k9BrGj9JqtdkhLQE1iqtSA+YeUc7fMkD9fdG5VsvDhiT548tOh\nJxlshgHEXURLV9hsvSIwFm91c3Wl6TCqTZ/7kkn9LpoYVJbQbG1ZgIOCmsAFmzpb\nITC0I11G7LJ5TwoMAW/iVjy/2lo1L0FHNz00QuHEOGMzYH1y5stIQiOIfVj/b030\nRBg199CJWeRv/ZwGxoJvyyyFx0BktvOROsgM9xkCggEBAIjeULHlLdyI9v1DBpCi\neczJ5VhKrpMcZjS3nQ8lXsZL0Y/2YcT+m7B9N3HSSS9Jz7fu8Dftn/xHOqnjgLje\nzotjpHriy4JDOHOL31QdU1pTAOjCh5chfBUPUwGUvdfj0r6HYQeisYh6dkFlJ/aP\n1n27ZoZSRMhV5GsTjhQDbAT+YCuGgZRHEpvtfQ3tqKRAl1OXl4xMEveoThFs5P9/\nmUnxVcwAPmu5DUCYc7QJJa7YPyZe7BDmSFgZeMqtbD84rU8NM5MWrOTEdo2HewCD\nhMg7pgkej3G/9I/A7wzTAhckn7nRv56PbwIWnU9dy3mnWEIh76G/vQ73ombDjwo9\nd4cCggEBAK++lhfV1N8HTo1zuBnrCiWkTAr6Mzh4pYhzRcPUhAaMOSWQH9tfE0ST\nKLDdj2EOLcTnrYhjPjQoKX91zVXZO4CSbGtksVHHxEcmHNTAYfBHVlubDw600aT0\nrma3kNVCfqzFiYm7R7gQNs8WLKxaS4VtcUIvIOzPXKKH7NiMu7uorya61DgtSOqH\nLg+WX6KkMziHrVY0+JPpTUqXBz0BIeNUF6DkhPz23sg36O7UC/7jhmq802CwsjK9\nEsRCRhtwynwxLR7KVw5g0WMNs34L10OEEt0Z9/PV1gSJ/nqV1Hxp9gYzLNCgoxHm\ntrGJ4gLuSWM9k/lV+C4Jz40IG+eJvrE=\n-----END PRIVATE KEY-----\n",
            "public_key_fingerprint_md5": "d4:29:fe:e4:e3:1a:fc:58:13:37:6e:59:f1:9b:b8:d9",
            "public_key_fingerprint_sha256": "SHA256:6FnrN5NjuxeQMlhY9QVqF+NHjarParwZ0UGehgkHK+w",
            "public_key_openssh": "ssh-rsa AAAAB3NzaC1yc2EAAAADAQABAAACAQDhk/a90r3X4VgXKicU0bwV8H1k+fbLnmR8FAMIf6Bektqnds9bkpvc9CaFFU/rD1rQbtQ2jAm00EePRaWwoqeeoUcwcTv56KY33nSH6gow7illm2VTkL1Wbc0Kt/D6POZlx9H/zhPmCqXnz/R8wZE+Ju9oWBIMgTyHNpjfg1m/ikgTethH+T0vMUyonWnh74ugd4n/QTXph19Fp4WqiyFMTS72x/Yr7LAO/RE1CkO7ZdvX95BA93FRV7VCtkLuGHh3ucXXmfKC3FyZKn3RezwCCFp32iED9uDvX8Av/az0CR+tEPpG/jfovzoUF5Idn8xP/FRNqRX5E8L8slBfCg5aBhp00Sl5iKlb8YYTGm3AJyZ0QFjguoKCjZYLpQXCRAW1P9/hH+uiIbQPC8kRqfU1HVK/+RU19ooKeDk5kfMxg/ZqQP7Quoz13E0+q7jnZdo3TbDTVzjZpRcqGoQJ39xgnWAkB1herwLIpmdA4aPW0xx0YI6uKk/A/HxAAWLjbFCa0bZJ9HKIITKsSDW0B/UGHiQSSZDnmpl2MoK9sZbj1vlJNLoVLU0Nsq/NvzJl7boe+r5rnxDAOTO2bi664eSrrL4rspkZkxZEqrIGK6P5omhHrbHmGA+age9EkXeBp4dJ20a0xUxQd715IfoKM2rUJSUtjoFm15h8MpCjWCC0zw==\n",
            "public_key_pem": "-----BEGIN PUBLIC KEY-----\nMIICIjANBgkqhkiG9w0BAQEFAAOCAg8AMIICCgKCAgEA4ZP2vdK91+FYFyonFNG8\nFfB9ZPn2y55kfBQDCH+gXpLap3bPW5Kb3PQmhRVP6w9a0G7UNowJtNBHj0WlsKKn\nnqFHMHE7+eimN950h+oKMO4pZZtlU5C9Vm3NCrfw+jzmZcfR/84T5gql58/0fMGR\nPibvaFgSDIE8hzaY34NZv4pIE3rYR/k9LzFMqJ1p4e+LoHeJ/0E16YdfRaeFqosh\nTE0u9sf2K+ywDv0RNQpDu2Xb1/eQQPdxUVe1QrZC7hh4d7nF15nygtxcmSp90Xs8\nAghad9ohA/bg71/AL/2s9AkfrRD6Rv436L86FBeSHZ/MT/xUTakV+RPC/LJQXwoO\nWgYadNEpeYipW/GGExptwCcmdEBY4LqCgo2WC6UFwkQFtT/f4R/roiG0DwvJEan1\nNR1Sv/kVNfaKCng5OZHzMYP2akD+0LqM9dxNPqu452XaN02w01c42aUXKhqECd/c\nYJ1gJAdYXq8CyKZnQOGj1tMcdGCOripPwPx8QAFi42xQmtG2SfRyiCEyrEg1tAf1\nBh4kEkmQ55qZdjKCvbGW49b5STS6FS1NDbKvzb8yZe26Hvq+a58QwDkztm4uuuHk\nq6y+K7KZGZMWRKqyBiuj+aJoR62x5hgPmoHvRJF3gaeHSdtGtMVMUHe9eSH6CjNq\n1CUlLY6BZteYfDKQo1ggtM8CAwEAAQ==\n-----END PUBLIC KEY-----\n",
            "rsa_bits": 4096
          },
          "sensitive_attributes": [
            [
              {
                "type": "get_attr",
                "value": "private_key_openssh"
              }
            ],
            [
              {
                "type": "get_attr",
                "value": "private_key_pem"
              }
            ],
            [
              {
                "type": "get_attr",
                "value": "private_key_pem_pkcs8"
              }
            ]
          ],
          "identity_schema_version": 0
        }
      ]
    }
  ],
  "check_results": null
}
