{
  "version": 4,
  "terraform_version": "1.14.7",
  "serial": 89,
  "lineage": "d93d58bf-6cf2-7460-c17c-246bf8bf0bad",
  "outputs": {
    "health_url": {
      "value": "http://98.91.220.254:8888/sathishconfigserver/health",
      "type": "string"
    },
    "public_dns": {
      "value": "ec2-98-91-220-254.compute-1.amazonaws.com",
      "type": "string"
    },
    "public_ip": {
      "value": "98.91.220.254",
      "type": "string"
    },
    "ssh_command": {
      "value": "ssh -i ./mykey.pem ec2-user@98.91.220.254",
      "type": "string"
    }
  },
  "resources": [
    {
      "mode": "data",
      "type": "aws_ami",
      "name": "this",
      "provider": "provider[\"registry.terraform.io/hashicorp/aws\"]",
      "instances": [
        {
          "schema_version": 0,
          "attributes": {
            "allow_unsafe_filter": null,
            "architecture": "x86_64",
            "arn": "arn:aws:ec2:us-east-1::image/ami-00fa360e28f425da0",
            "block_device_mappings": [
              {
                "device_name": "/dev/xvda",
                "ebs": {
                  "delete_on_termination": "true",
                  "encrypted": "false",
                  "iops": "3000",
                  "snapshot_id": "snap-0cd5f630552e67ca8",
                  "throughput": "125",
                  "volume_initialization_rate": "0",
                  "volume_size": "8",
                  "volume_type": "gp3"
                },
                "no_device": "",
                "virtual_name": ""
              }
            ],
            "boot_mode": "uefi-preferred",
            "creation_date": "2026-05-21T18:13:30.000Z",
            "deprecation_time": "2026-08-19T18:49:00.000Z",
            "description": "Amazon Linux 2023 AMI 2023.11.20260526.0 x86_64 HVM kernel-6.18",
            "ena_support": true,
            "executable_users": null,
            "filter": [
              {
                "name": "architecture",
                "values": [
                  "x86_64"
                ]
              },
              {
                "name": "name",
                "values": [
                  "al2023-ami-2023*"
                ]
              }
            ],
            "hypervisor": "xen",
            "id": "ami-00fa360e28f425da0",
            "image_id": "ami-00fa360e28f425da0",
            "image_location": "amazon/al2023-ami-2023.11.20260526.0-kernel-6.18-x86_64",
            "image_owner_alias": "amazon",
            "image_type": "machine",
            "imds_support": "v2.0",
            "include_deprecated": false,
            "kernel_id": "",
            "last_launched_time": "",
            "most_recent": true,
            "name": "al2023-ami-2023.11.20260526.0-kernel-6.18-x86_64",
            "name_regex": null,
            "owner_id": "137112412989",
            "owners": [
              "amazon"
            ],
            "platform": "",
            "platform_details": "Linux/UNIX",
            "product_codes": [],
            "public": true,
            "ramdisk_id": "",
            "region": "us-east-1",
            "root_device_name": "/dev/xvda",
            "root_device_type": "ebs",
            "root_snapshot_id": "snap-0cd5f630552e67ca8",
            "sriov_net_support": "simple",
            "state": "available",
            "state_reason": {
              "code": "UNSET",
              "message": "UNSET"
            },
            "tags": {},
            "timeouts": null,
            "tpm_support": "",
            "uefi_data": null,
            "usage_operation": "RunInstances",
            "virtualization_type": "hvm"
          },
          "sensitive_attributes": [],
          "identity_schema_version": 0
        }
      ]
    },
    {
      "mode": "data",
      "type": "aws_availability_zones",
      "name": "available",
      "provider": "provider[\"registry.terraform.io/hashicorp/aws\"]",
      "instances": [
        {
          "schema_version": 0,
          "attributes": {
            "all_availability_zones": null,
            "exclude_names": null,
            "exclude_zone_ids": null,
            "filter": [
              {
                "name": "opt-in-status",
                "values": [
                  "opt-in-not-required"
                ]
              }
            ],
            "group_names": [
              "us-east-1-zg-1"
            ],
            "id": "us-east-1",
            "names": [
              "us-east-1a",
              "us-east-1b",
              "us-east-1c",
              "us-east-1d",
              "us-east-1e",
              "us-east-1f"
            ],
            "region": "us-east-1",
            "state": "available",
            "timeouts": null,
            "zone_ids": [
              "use1-az6",
              "use1-az1",
              "use1-az2",
              "use1-az4",
              "use1-az3",
              "use1-az5"
            ]
          },
          "sensitive_attributes": [],
          "identity_schema_version": 0
        }
      ]
    },
    {
      "mode": "managed",
      "type": "aws_iam_instance_profile",
      "name": "config_server",
      "provider": "provider[\"registry.terraform.io/hashicorp/aws\"]",
      "instances": [
        {
          "schema_version": 0,
          "attributes": {
            "arn": "arn:aws:iam::356315793174:instance-profile/config-server-profile",
            "create_date": "2026-06-07T19:51:29Z",
            "id": "config-server-profile",
            "name": "config-server-profile",
            "name_prefix": "",
            "path": "/",
            "role": "config-server-role",
            "tags": {},
            "tags_all": {
              "Environment": "dev",
              "Owner": "sathish",
              "Project": "config-server"
            },
            "unique_id": "AIPAVF5QTQ4LASIVSWMY6"
          },
          "sensitive_attributes": [],
          "identity_schema_version": 0,
          "identity": {
            "account_id": "356315793174",
            "name": "config-server-profile"
          },
          "private": "bnVsbA==",
          "dependencies": [
            "aws_iam_role.config_server"
          ]
        }
      ]
    },
    {
      "mode": "managed",
      "type": "aws_iam_role",
      "name": "config_server",
      "provider": "provider[\"registry.terraform.io/hashicorp/aws\"]",
      "instances": [
        {
          "schema_version": 0,
          "attributes": {
            "arn": "arn:aws:iam::356315793174:role/config-server-role",
            "assume_role_policy": "{\"Statement\":[{\"Action\":\"sts:AssumeRole\",\"Effect\":\"Allow\",\"Principal\":{\"Service\":\"ec2.amazonaws.com\"}}],\"Version\":\"2012-10-17\"}",
            "create_date": "2026-06-07T19:51:28Z",
            "description": "",
            "force_detach_policies": false,
            "id": "config-server-role",
            "inline_policy": [
              {
                "name": "config-server-ssm-read",
                "policy": "{\"Version\":\"2012-10-17\",\"Statement\":[{\"Action\":[\"ssm:GetParameter\",\"ssm:GetParameters\"],\"Effect\":\"Allow\",\"Resource\":\"arn:aws:ssm:*:*:parameter/config-server/*\"}]}"
              }
            ],
            "managed_policy_arns": [],
            "max_session_duration": 3600,
            "name": "config-server-role",
            "name_prefix": "",
            "path": "/",
            "permissions_boundary": "",
            "tags": {},
            "tags_all": {
              "Environment": "dev",
              "Owner": "sathish",
              "Project": "config-server"
            },
            "unique_id": "AROAVF5QTQ4LBECLHV32Q"
          },
          "sensitive_attributes": [],
          "identity_schema_version": 0,
          "identity": {
            "account_id": "356315793174",
            "name": "config-server-role"
          },
          "private": "bnVsbA=="
        }
      ]
    },
    {
      "mode": "managed",
      "type": "aws_iam_role_policy",
      "name": "ssm_read",
      "provider": "provider[\"registry.terraform.io/hashicorp/aws\"]",
      "instances": [
        {
          "schema_version": 0,
          "attributes": {
            "id": "config-server-role:config-server-ssm-read",
            "name": "config-server-ssm-read",
            "name_prefix": "",
            "policy": "{\"Version\":\"2012-10-17\",\"Statement\":[{\"Action\":[\"ssm:GetParameter\",\"ssm:GetParameters\"],\"Effect\":\"Allow\",\"Resource\":\"arn:aws:ssm:*:*:parameter/config-server/*\"}]}",
            "role": "config-server-role"
          },
          "sensitive_attributes": [],
          "identity_schema_version": 0,
          "identity": {
            "account_id": "356315793174",
            "name": "config-server-ssm-read",
            "role": "config-server-role"
          },
          "private": "bnVsbA==",
          "dependencies": [
            "aws_iam_role.config_server"
          ]
        }
      ]
    },
    {
      "mode": "managed",
      "type": "aws_instance",
      "name": "config_server",
      "provider": "provider[\"registry.terraform.io/hashicorp/aws\"]",
      "instances": [
        {
          "schema_version": 2,
          "attributes": {
            "ami": "ami-00fa360e28f425da0",
            "arn": "arn:aws:ec2:us-east-1:356315793174:instance/i-00ba51c982b5e6294",
            "associate_public_ip_address": true,
            "availability_zone": "us-east-1a",
            "capacity_reservation_specification": [
              {
                "capacity_reservation_preference": "open",
                "capacity_reservation_target": []
              }
            ],
            "cpu_options": [
              {
                "amd_sev_snp": "",
                "core_count": 1,
                "nested_virtualization": "",
                "threads_per_core": 2
              }
            ],
            "credit_specification": [
              {
                "cpu_credits": "unlimited"
              }
            ],
            "disable_api_stop": false,
            "disable_api_termination": false,
            "ebs_block_device": [],
            "ebs_optimized": false,
            "enable_primary_ipv6": null,
            "enclave_options": [
              {
                "enabled": false
              }
            ],
            "ephemeral_block_device": [],
            "force_destroy": false,
            "get_password_data": false,
            "hibernation": false,
            "host_id": "",
            "host_resource_group_arn": null,
            "iam_instance_profile": "config-server-profile",
            "id": "i-00ba51c982b5e6294",
            "instance_initiated_shutdown_behavior": "stop",
            "instance_lifecycle": "",
            "instance_market_options": [],
            "instance_state": "running",
            "instance_type": "t3.micro",
            "ipv6_address_count": 0,
            "ipv6_addresses": [],
            "key_name": "mykey",
            "launch_template": [],
            "maintenance_options": [
              {
                "auto_recovery": "default"
              }
            ],
            "metadata_options": [
              {
                "http_endpoint": "enabled",
                "http_protocol_ipv6": "disabled",
                "http_put_response_hop_limit": 1,
                "http_tokens": "required",
                "instance_metadata_tags": "disabled"
              }
            ],
            "monitoring": false,
            "network_interface": [],
            "outpost_arn": "",
            "password_data": "",
            "placement_group": "",
            "placement_group_id": "",
            "placement_partition_number": 0,
            "primary_network_interface": [
              {
                "delete_on_termination": true,
                "network_interface_id": "eni-0ccd516af4a582221"
              }
            ],
            "primary_network_interface_id": "eni-0ccd516af4a582221",
            "private_dns": "ip-10-0-1-158.ec2.internal",
            "private_dns_name_options": [
              {
                "enable_resource_name_dns_a_record": false,
                "enable_resource_name_dns_aaaa_record": false,
                "hostname_type": "ip-name"
              }
            ],
            "private_ip": "10.0.1.158",
            "public_dns": "ec2-98-91-220-254.compute-1.amazonaws.com",
            "public_ip": "98.91.220.254",
            "region": "us-east-1",
            "root_block_device": [
              {
                "delete_on_termination": true,
                "device_name": "/dev/xvda",
                "encrypted": true,
                "iops": 3000,
                "kms_key_id": "arn:aws:kms:us-east-1:356315793174:key/fbd752bc-b649-4947-93e3-ecc95fc1ee51",
                "tags": null,
                "tags_all": {
                  "Environment": "dev",
                  "Owner": "sathish",
                  "Project": "config-server"
                },
                "throughput": 125,
                "volume_id": "vol-0cceab66c9cc468ee",
                "volume_size": 8,
                "volume_type": "gp3"
              }
            ],
            "secondary_network_interface": [],
            "secondary_private_ips": [],
            "security_groups": [],
            "source_dest_check": true,
            "spot_instance_request_id": "",
            "subnet_id": "subnet-02d0d604e2bb966ca",
            "tags": {
              "Name": "sathish-config-server"
            },
            "tags_all": {
              "Environment": "dev",
              "Name": "sathish-config-server",
              "Owner": "sathish",
              "Project": "config-server"
            },
            "tenancy": "default",
            "timeouts": null,
            "user_data": "#!/bin/bash\nset -e\n\n# Pinned image tag — do NOT use :latest, which is mutable and can pull a build\n# with mismatched Spring Boot/Spring Cloud versions (causes a startup crash loop).\n# Bump this in lockstep with the Jib tag in the config-server pom.xml.\nCONFIG_SERVER_IMAGE=\"travelhelper0h/sathishproject-config-server:2025.0.2\"\n\n# Update and install Docker + AWS CLI\nyum update -y\nyum install -y docker aws-cli\nsystemctl start docker\nsystemctl enable docker\n\n# Fetch secrets from SSM Parameter Store — nothing sensitive in this script\nGIT_URI=$(aws ssm get-parameter \\\n  --name /config-server/git_uri \\\n  --query 'Parameter.Value' \\\n  --output text \\\n  --region us-east-1)\n\nENCRYPT_KEY=$(aws ssm get-parameter \\\n  --name /config-server/encrypt_key \\\n  --with-decryption \\\n  --query 'Parameter.Value' \\\n  --output text \\\n  --region us-east-1)\n\nUSERNAME=$(aws ssm get-parameter \\\n  --name /config-server/username \\\n  --query 'Parameter.Value' \\\n  --output text \\\n  --region us-east-1)\n\nPASS=$(aws ssm get-parameter \\\n  --name /config-server/pass \\\n  --with-decryption \\\n  --query 'Parameter.Value' \\\n  --output text \\\n  --region us-east-1)\n\n# Write to root-only env file and clear variables from shell\ninstall -m 600 /dev/null /etc/config-server.env\nprintf 'GIT_URI=%s\\nencrypt_key=%s\\nusername=%s\\npass=%s\\nAPP_PORT=8888\\n' \\\n  \"$GIT_URI\" \"$ENCRYPT_KEY\" \"$USERNAME\" \"$PASS\" \u003e /etc/config-server.env\n\nunset GIT_URI ENCRYPT_KEY USERNAME PASS\n\n# Pull and run the config server container\ndocker pull \"$CONFIG_SERVER_IMAGE\"\n\ndocker run -d \\\n  --name config-server \\\n  --restart unless-stopped \\\n  -p 8888:8888 \\\n  --env-file /etc/config-server.env \\\n  \"$CONFIG_SERVER_IMAGE\"\n",
            "user_data_base64": null,
            "user_data_replace_on_change": false,
            "volume_tags": null,
            "vpc_security_group_ids": [
              "sg-065f5ceb0efa9fa32"
            ]
          },
          "sensitive_attributes": [],
          "identity_schema_version": 0,
          "identity": {
            "account_id": "356315793174",
            "id": "i-00ba51c982b5e6294",
            "region": "us-east-1"
          },
          "private": "eyJlMmJmYjczMC1lY2FhLTExZTYtOGY4OC0zNDM2M2JjN2M0YzAiOnsiY3JlYXRlIjo2MDAwMDAwMDAwMDAsImRlbGV0ZSI6MTIwMDAwMDAwMDAwMCwicmVhZCI6OTAwMDAwMDAwMDAwLCJ1cGRhdGUiOjYwMDAwMDAwMDAwMH0sInNjaGVtYV92ZXJzaW9uIjoiMiJ9",
          "dependencies": [
            "aws_iam_instance_profile.config_server",
            "aws_iam_role.config_server",
            "aws_key_pair.config_server",
            "aws_security_group.config_server",
            "aws_subnet.this",
            "aws_vpc.this",
            "data.aws_ami.this",
            "data.aws_availability_zones.available",
            "tls_private_key.config_server"
          ]
        }
      ]
    },
    {
      "mode": "managed",
      "type": "aws_internet_gateway",
      "name": "this",
      "provider": "provider[\"registry.terraform.io/hashicorp/aws\"]",
      "instances": [
        {
          "schema_version": 0,
          "attributes": {
            "arn": "arn:aws:ec2:us-east-1:356315793174:internet-gateway/igw-0bb2eb8bf450f86bb",
            "id": "igw-0bb2eb8bf450f86bb",
            "owner_id": "356315793174",
            "region": "us-east-1",
            "tags": {
              "Name": "config-server-igw"
            },
            "tags_all": {
              "Environment": "dev",
              "Name": "config-server-igw",
              "Owner": "sathish",
              "Project": "config-server"
            },
            "timeouts": null,
            "vpc_id": "vpc-0ba99ac8b3d6ef9bf"
          },
          "sensitive_attributes": [],
          "identity_schema_version": 0,
          "identity": {
            "account_id": "356315793174",
            "id": "igw-0bb2eb8bf450f86bb",
            "region": "us-east-1"
          },
          "private": "eyJlMmJmYjczMC1lY2FhLTExZTYtOGY4OC0zNDM2M2JjN2M0YzAiOnsiY3JlYXRlIjoxMjAwMDAwMDAwMDAwLCJkZWxldGUiOjEyMDAwMDAwMDAwMDAsInVwZGF0ZSI6MTIwMDAwMDAwMDAwMH19",
          "dependencies": [
            "aws_vpc.this"
          ]
        }
      ]
    },
    {
      "mode": "managed",
      "type": "aws_key_pair",
      "name": "config_server",
      "provider": "provider[\"registry.terraform.io/hashicorp/aws\"]",
      "instances": [
        {
          "schema_version": 1,
          "attributes": {
            "arn": "arn:aws:ec2:us-east-1:356315793174:key-pair/mykey",
            "fingerprint": "cd:1e:22:bd:8f:b2:1d:c4:be:7e:90:95:72:70:2f:0a",
            "id": "mykey",
            "key_name": "mykey",
            "key_name_prefix": "",
            "key_pair_id": "key-0cc45559bd9cb01ef",
            "key_type": "rsa",
            "public_key": "ssh-rsa AAAAB3NzaC1yc2EAAAADAQABAAACAQDv/iH+FjIygpaydxRslgUDNLluSIuUGNl1LA2d4HFqtzJRFbMC3h366PRGY8/WNg+L+9A+lbH/WaWFEIH3UtnZ3jYSYDYQEJpiJUgnvAcsTKUFTEnIuqr9UELPRkchbUXxNxb95C0/OCFkiWUqONBsIXOVmQMiBDEbGDwrBsINGQrRcfa2OfZGYk2x0+dxJDBArE4IBhpYq3VP1ZXk7LZtexR7GU5XQVb4M9Z3Qy3L88vEJheuyno/hNVoG0ZJ1oOydRPILBILYfVjCK8sGaAuvssTu/LkmP4KW2i7q9pY/rYY25bKmCvcu+bMrlCSJpztlG9KW8gYRsAuLSN1fLDmUCfQBjGOvX4IVVozmSGhWalH1ffpydm7PhYaWQVvTsp1mUiYdzzp/pyFiNhJNDku7BV5eOSuwpaXdnkXgezzp8HpweMoUG6RtVpyafCtUNkwocCRteK2U3l43X21s8MQ7MrafM6GAanquLZo8PztQjh8aZUT+i6HBUYc4eWIe3nD3jnTjD2aesLQ3Byu78BsX6iSwelpNEIfrVvZhI5J6kpR/iCBC54YwAiWI2/D29nyGiqkEtVFnmYKmOg1qeH2nLaGLNGWtJnhBZoJRUKFIhesk38OZTcLRFJmo8GV0eitC33h8/51fcMndQ16sJ3CYcSWFLPGHi56x+waWjt4IQ==",
            "region": "us-east-1",
            "tags": {},
            "tags_all": {
              "Environment": "dev",
              "Owner": "sathish",
              "Project": "config-server"
            }
          },
          "sensitive_attributes": [],
          "identity_schema_version": 0,
          "private": "eyJzY2hlbWFfdmVyc2lvbiI6IjEifQ==",
          "dependencies": [
            "tls_private_key.config_server"
          ]
        }
      ]
    },
    {
      "mode": "managed",
      "type": "aws_route_table",
      "name": "this",
      "provider": "provider[\"registry.terraform.io/hashicorp/aws\"]",
      "instances": [
        {
          "schema_version": 0,
          "attributes": {
            "arn": "arn:aws:ec2:us-east-1:356315793174:route-table/rtb-0f7b051fdfda1b869",
            "id": "rtb-0f7b051fdfda1b869",
            "owner_id": "356315793174",
            "propagating_vgws": [],
            "region": "us-east-1",
            "route": [
              {
                "carrier_gateway_id": "",
                "cidr_block": "0.0.0.0/0",
                "core_network_arn": "",
                "destination_prefix_list_id": "",
                "egress_only_gateway_id": "",
                "gateway_id": "igw-0bb2eb8bf450f86bb",
                "ipv6_cidr_block": "",
                "local_gateway_id": "",
                "nat_gateway_id": "",
                "network_interface_id": "",
                "odb_network_arn": "",
                "transit_gateway_id": "",
                "vpc_endpoint_id": "",
                "vpc_peering_connection_id": ""
              }
            ],
            "tags": {
              "Name": "config-server-rt"
            },
            "tags_all": {
              "Environment": "dev",
              "Name": "config-server-rt",
              "Owner": "sathish",
              "Project": "config-server"
            },
            "timeouts": null,
            "vpc_id": "vpc-0ba99ac8b3d6ef9bf"
          },
          "sensitive_attributes": [],
          "identity_schema_version": 0,
          "identity": {
            "account_id": "356315793174",
            "id": "rtb-0f7b051fdfda1b869",
            "region": "us-east-1"
          },
          "private": "eyJlMmJmYjczMC1lY2FhLTExZTYtOGY4OC0zNDM2M2JjN2M0YzAiOnsiY3JlYXRlIjozMDAwMDAwMDAwMDAsImRlbGV0ZSI6MzAwMDAwMDAwMDAwLCJ1cGRhdGUiOjEyMDAwMDAwMDAwMH19",
          "dependencies": [
            "aws_internet_gateway.this",
            "aws_vpc.this"
          ]
        }
      ]
    },
    {
      "mode": "managed",
      "type": "aws_route_table_association",
      "name": "this",
      "provider": "provider[\"registry.terraform.io/hashicorp/aws\"]",
      "instances": [
        {
          "schema_version": 0,
          "attributes": {
            "gateway_id": "",
            "id": "rtbassoc-042bb4aaaa0f7ecc8",
            "region": "us-east-1",
            "route_table_id": "rtb-0f7b051fdfda1b869",
            "subnet_id": "subnet-02d0d604e2bb966ca",
            "timeouts": null
          },
          "sensitive_attributes": [],
          "identity_schema_version": 0,
          "identity": {
            "account_id": "356315793174",
            "id": "rtbassoc-042bb4aaaa0f7ecc8",
            "region": "us-east-1"
          },
          "private": "eyJlMmJmYjczMC1lY2FhLTExZTYtOGY4OC0zNDM2M2JjN2M0YzAiOnsiY3JlYXRlIjozMDAwMDAwMDAwMDAsImRlbGV0ZSI6MzAwMDAwMDAwMDAwLCJ1cGRhdGUiOjEyMDAwMDAwMDAwMH19",
          "dependencies": [
            "aws_internet_gateway.this",
            "aws_route_table.this",
            "aws_subnet.this",
            "aws_vpc.this",
            "data.aws_availability_zones.available"
          ]
        }
      ]
    },
    {
      "mode": "managed",
      "type": "aws_security_group",
      "name": "config_server",
      "provider": "provider[\"registry.terraform.io/hashicorp/aws\"]",
      "instances": [
        {
          "schema_version": 1,
          "attributes": {
            "arn": "arn:aws:ec2:us-east-1:356315793174:security-group/sg-065f5ceb0efa9fa32",
            "description": "Allow SSH from trusted IP and config server port 8888",
            "egress": [
              {
                "cidr_blocks": [
                  "0.0.0.0/0"
                ],
                "description": "",
                "from_port": 0,
                "ipv6_cidr_blocks": [],
                "prefix_list_ids": [],
                "protocol": "-1",
                "security_groups": [],
                "self": false,
                "to_port": 0
              }
            ],
            "id": "sg-065f5ceb0efa9fa32",
            "ingress": [
              {
                "cidr_blocks": [
                  "0.0.0.0/0"
                ],
                "description": "Config server port",
                "from_port": 8888,
                "ipv6_cidr_blocks": [],
                "prefix_list_ids": [],
                "protocol": "tcp",
                "security_groups": [],
                "self": false,
                "to_port": 8888
              },
              {
                "cidr_blocks": [
                  "0.0.0.0/0"
                ],
                "description": "SSH from trusted IP only",
                "from_port": 22,
                "ipv6_cidr_blocks": [],
                "prefix_list_ids": [],
                "protocol": "tcp",
                "security_groups": [],
                "self": false,
                "to_port": 22
              }
            ],
            "name": "config-server-sg",
            "name_prefix": "",
            "owner_id": "356315793174",
            "region": "us-east-1",
            "revoke_rules_on_delete": false,
            "tags": {
              "Name": "config-server-sg"
            },
            "tags_all": {
              "Environment": "dev",
              "Name": "config-server-sg",
              "Owner": "sathish",
              "Project": "config-server"
            },
            "timeouts": null,
            "vpc_id": "vpc-0ba99ac8b3d6ef9bf"
          },
          "sensitive_attributes": [],
          "identity_schema_version": 0,
          "identity": {
            "account_id": "356315793174",
            "id": "sg-065f5ceb0efa9fa32",
            "region": "us-east-1"
          },
          "private": "eyJlMmJmYjczMC1lY2FhLTExZTYtOGY4OC0zNDM2M2JjN2M0YzAiOnsiY3JlYXRlIjo2MDAwMDAwMDAwMDAsImRlbGV0ZSI6OTAwMDAwMDAwMDAwfSwic2NoZW1hX3ZlcnNpb24iOiIxIn0=",
          "dependencies": [
            "aws_vpc.this"
          ]
        }
      ]
    },
    {
      "mode": "managed",
      "type": "aws_ssm_parameter",
      "name": "encrypt_key",
      "provider": "provider[\"registry.terraform.io/hashicorp/aws\"]",
      "instances": [
        {
          "schema_version": 0,
          "attributes": {
            "allowed_pattern": "",
            "arn": "arn:aws:ssm:us-east-1:356315793174:parameter/config-server/encrypt_key",
            "data_type": "text",
            "description": "",
            "has_value_wo": false,
            "id": "/config-server/encrypt_key",
            "insecure_value": null,
            "key_id": "alias/aws/ssm",
            "name": "/config-server/encrypt_key",
            "overwrite": null,
            "region": "us-east-1",
            "tags": {},
            "tags_all": {
              "Environment": "dev",
              "Owner": "sathish",
              "Project": "config-server"
            },
            "tier": "Standard",
            "type": "SecureString",
            "value": "K8T2ltEPR05HDKTvkp5tZpsaV6ZjqK4C",
            "value_wo": null,
            "value_wo_version": null,
            "version": 1
          },
          "sensitive_attributes": [
            [
              {
                "type": "get_attr",
                "value": "value"
              }
            ],
            [
              {
                "type": "get_attr",
                "value": "value_wo"
              }
            ]
          ],
          "identity_schema_version": 0,
          "identity": {
            "account_id": "356315793174",
            "name": "/config-server/encrypt_key",
            "region": "us-east-1"
          },
          "private": "bnVsbA=="
        }
      ]
    },
    {
      "mode": "managed",
      "type": "aws_ssm_parameter",
      "name": "git_uri",
      "provider": "provider[\"registry.terraform.io/hashicorp/aws\"]",
      "instances": [
        {
          "schema_version": 0,
          "attributes": {
            "allowed_pattern": "",
            "arn": "arn:aws:ssm:us-east-1:356315793174:parameter/config-server/git_uri",
            "data_type": "text",
            "description": "",
            "has_value_wo": false,
            "id": "/config-server/git_uri",
            "insecure_value": null,
            "key_id": "",
            "name": "/config-server/git_uri",
            "overwrite": null,
            "region": "us-east-1",
            "tags": {},
            "tags_all": {
              "Environment": "dev",
              "Owner": "sathish",
              "Project": "config-server"
            },
            "tier": "Standard",
            "type": "String",
            "value": "https://github.com/sathishjayapal/jubilant-memory",
            "value_wo": null,
            "value_wo_version": null,
            "version": 1
          },
          "sensitive_attributes": [
            [
              {
                "type": "get_attr",
                "value": "value"
              }
            ],
            [
              {
                "type": "get_attr",
                "value": "value_wo"
              }
            ]
          ],
          "identity_schema_version": 0,
          "identity": {
            "account_id": "356315793174",
            "name": "/config-server/git_uri",
            "region": "us-east-1"
          },
          "private": "bnVsbA=="
        }
      ]
    },
    {
      "mode": "managed",
      "type": "aws_ssm_parameter",
      "name": "pass",
      "provider": "provider[\"registry.terraform.io/hashicorp/aws\"]",
      "instances": [
        {
          "schema_version": 0,
          "attributes": {
            "allowed_pattern": "",
            "arn": "arn:aws:ssm:us-east-1:356315793174:parameter/config-server/pass",
            "data_type": "text",
            "description": "",
            "has_value_wo": false,
            "id": "/config-server/pass",
            "insecure_value": null,
            "key_id": "alias/aws/ssm",
            "name": "/config-server/pass",
            "overwrite": null,
            "region": "us-east-1",
            "tags": {},
            "tags_all": {
              "Environment": "dev",
              "Owner": "sathish",
              "Project": "config-server"
            },
            "tier": "Standard",
            "type": "SecureString",
            "value": "jjK0Xq3liYCfx9JeU1BF7MvEELBl82wP",
            "value_wo": null,
            "value_wo_version": null,
            "version": 1
          },
          "sensitive_attributes": [
            [
              {
                "type": "get_attr",
                "value": "value"
              }
            ],
            [
              {
                "type": "get_attr",
                "value": "value_wo"
              }
            ]
          ],
          "identity_schema_version": 0,
          "identity": {
            "account_id": "356315793174",
            "name": "/config-server/pass",
            "region": "us-east-1"
          },
          "private": "bnVsbA=="
        }
      ]
    },
    {
      "mode": "managed",
      "type": "aws_ssm_parameter",
      "name": "username",
      "provider": "provider[\"registry.terraform.io/hashicorp/aws\"]",
      "instances": [
        {
          "schema_version": 0,
          "attributes": {
            "allowed_pattern": "",
            "arn": "arn:aws:ssm:us-east-1:356315793174:parameter/config-server/username",
            "data_type": "text",
            "description": "",
            "has_value_wo": false,
            "id": "/config-server/username",
            "insecure_value": null,
            "key_id": "",
            "name": "/config-server/username",
            "overwrite": null,
            "region": "us-east-1",
            "tags": {},
            "tags_all": {
              "Environment": "dev",
              "Owner": "sathish",
              "Project": "config-server"
            },
            "tier": "Standard",
            "type": "String",
            "value": "cfg_local",
            "value_wo": null,
            "value_wo_version": null,
            "version": 1
          },
          "sensitive_attributes": [
            [
              {
                "type": "get_attr",
                "value": "value"
              }
            ],
            [
              {
                "type": "get_attr",
                "value": "value_wo"
              }
            ]
          ],
          "identity_schema_version": 0,
          "identity": {
            "account_id": "356315793174",
            "name": "/config-server/username",
            "region": "us-east-1"
          },
          "private": "bnVsbA=="
        }
      ]
    },
    {
      "mode": "managed",
      "type": "aws_subnet",
      "name": "this",
      "provider": "provider[\"registry.terraform.io/hashicorp/aws\"]",
      "instances": [
        {
          "schema_version": 1,
          "attributes": {
            "arn": "arn:aws:ec2:us-east-1:356315793174:subnet/subnet-02d0d604e2bb966ca",
            "assign_ipv6_address_on_creation": false,
            "availability_zone": "us-east-1a",
            "availability_zone_id": "use1-az6",
            "cidr_block": "10.0.1.0/24",
            "customer_owned_ipv4_pool": "",
            "enable_dns64": false,
            "enable_lni_at_device_index": 0,
            "enable_resource_name_dns_a_record_on_launch": false,
            "enable_resource_name_dns_aaaa_record_on_launch": false,
            "id": "subnet-02d0d604e2bb966ca",
            "ipv4_ipam_pool_id": null,
            "ipv4_netmask_length": null,
            "ipv6_cidr_block": "",
            "ipv6_cidr_block_association_id": "",
            "ipv6_ipam_pool_id": null,
            "ipv6_native": false,
            "ipv6_netmask_length": null,
            "map_customer_owned_ip_on_launch": false,
            "map_public_ip_on_launch": true,
            "outpost_arn": "",
            "owner_id": "356315793174",
            "private_dns_hostname_type_on_launch": "ip-name",
            "region": "us-east-1",
            "tags": {
              "Name": "config-server-subnet"
            },
            "tags_all": {
              "Environment": "dev",
              "Name": "config-server-subnet",
              "Owner": "sathish",
              "Project": "config-server"
            },
            "timeouts": null,
            "vpc_id": "vpc-0ba99ac8b3d6ef9bf"
          },
          "sensitive_attributes": [],
          "identity_schema_version": 0,
          "identity": {
            "account_id": "356315793174",
            "id": "subnet-02d0d604e2bb966ca",
            "region": "us-east-1"
          },
          "private": "eyJlMmJmYjczMC1lY2FhLTExZTYtOGY4OC0zNDM2M2JjN2M0YzAiOnsiY3JlYXRlIjo2MDAwMDAwMDAwMDAsImRlbGV0ZSI6MTIwMDAwMDAwMDAwMH0sInNjaGVtYV92ZXJzaW9uIjoiMSJ9",
          "dependencies": [
            "aws_vpc.this",
            "data.aws_availability_zones.available"
          ]
        }
      ]
    },
    {
      "mode": "managed",
      "type": "aws_vpc",
      "name": "this",
      "provider": "provider[\"registry.terraform.io/hashicorp/aws\"]",
      "instances": [
        {
          "schema_version": 1,
          "attributes": {
            "arn": "arn:aws:ec2:us-east-1:356315793174:vpc/vpc-0ba99ac8b3d6ef9bf",
            "assign_generated_ipv6_cidr_block": false,
            "cidr_block": "10.0.0.0/16",
            "default_network_acl_id": "acl-07fc868d7cb2b5f28",
            "default_route_table_id": "rtb-0974a34dfa73d83ac",
            "default_security_group_id": "sg-03e51852ae3680a86",
            "dhcp_options_id": "dopt-024ac6c37960d348a",
            "enable_dns_hostnames": true,
            "enable_dns_support": true,
            "enable_network_address_usage_metrics": false,
            "id": "vpc-0ba99ac8b3d6ef9bf",
            "instance_tenancy": "default",
            "ipv4_ipam_pool_id": null,
            "ipv4_netmask_length": null,
            "ipv6_association_id": "",
            "ipv6_cidr_block": "",
            "ipv6_cidr_block_network_border_group": "",
            "ipv6_ipam_pool_id": "",
            "ipv6_netmask_length": 0,
            "main_route_table_id": "rtb-0974a34dfa73d83ac",
            "owner_id": "356315793174",
            "region": "us-east-1",
            "tags": {
              "Name": "config-server-vpc"
            },
            "tags_all": {
              "Environment": "dev",
              "Name": "config-server-vpc",
              "Owner": "sathish",
              "Project": "config-server"
            }
          },
          "sensitive_attributes": [],
          "identity_schema_version": 0,
          "identity": {
            "account_id": "356315793174",
            "id": "vpc-0ba99ac8b3d6ef9bf",
            "region": "us-east-1"
          },
          "private": "eyJzY2hlbWFfdmVyc2lvbiI6IjEifQ=="
        }
      ]
    },
    {
      "mode": "managed",
      "type": "local_sensitive_file",
      "name": "private_key",
      "provider": "provider[\"registry.terraform.io/hashicorp/local\"]",
      "instances": [
        {
          "schema_version": 0,
          "attributes": {
            "content": "-----BEGIN RSA PRIVATE KEY-----\nMIIJKQIBAAKCAgEA7/4h/hYyMoKWsncUbJYFAzS5bkiLlBjZdSwNneBxarcyURWz\nAt4d+uj0RmPP1jYPi/vQPpWx/1mlhRCB91LZ2d42EmA2EBCaYiVIJ7wHLEylBUxJ\nyLqq/VBCz0ZHIW1F8TcW/eQtPzghZIllKjjQbCFzlZkDIgQxGxg8KwbCDRkK0XH2\ntjn2RmJNsdPncSQwQKxOCAYaWKt1T9WV5Oy2bXsUexlOV0FW+DPWd0Mty/PLxCYX\nrsp6P4TVaBtGSdaDsnUTyCwSC2H1YwivLBmgLr7LE7vy5Jj+Cltou6vaWP62GNuW\nypgr3LvmzK5Qkiac7ZRvSlvIGEbALi0jdXyw5lAn0AYxjr1+CFVaM5khoVmpR9X3\n6cnZuz4WGlkFb07KdZlImHc86f6chYjYSTQ5LuwVeXjkrsKWl3Z5F4Hs86fB6cHj\nKFBukbVacmnwrVDZMKHAkbXitlN5eN19tbPDEOzK2nzOhgGp6ri2aPD87UI4fGmV\nE/ouhwVGHOHliHt5w94504w9mnrC0Nwcru/AbF+oksHpaTRCH61b2YSOSepKUf4g\ngQueGMAIliNvw9vZ8hoqpBLVRZ5mCpjoNanh9py2hizRlrSZ4QWaCUVChSIXrJN/\nDmU3C0RSZqPBldHorQt94fP+dX3DJ3UNerCdwmHElhSzxh4uesfsGlo7eCECAwEA\nAQKCAgAAv43C6WDOBYLgxZGbu7qs8Dd6dOFyhxf5JI0E+/5+iFmwz7Is2nJve4B0\nzmTcfx38oBQIeJZYfHgRT87dQuCJAbIGIU9Ugii+ZkKw/7C/XkckGsEezhjbDKqt\n/hhvWJQ06f4OsUJu2wbySvdfcqk7smhWLrxIGTPp/guvT/2/kAoXmGpeK79tKBX5\nQvbgGcPIv9YdHPUXZ67ISUXcCTI8adDTiBhVb0+3xbmadOwp9vWgrpm4+B/6Hg49\nnTAn6hz5ASJxp6mFaDsdTEP3jZDmnxOqWRYAc8r++e/7/c+CzYXV0qwdWkIbaxPk\nzs+o1P6nmE83L81nk046wUtGAisvBcR4DnAe3YhR8f9pDLEkmDJT6LrL/7sexsNH\naQRhS3kFIsY+2nse4q6HeZbh17a9oYSvZ8P9XxWuFFEJs9F0O6XGMxoiM+GkIDHY\nsMeUcxRXVoMFLr3ldjBMp7CDWO2TGswmkNtTqwLz0vwBAK8r3DxidVTHRqtm6I7V\njXpa1uGSjwZRrLTS+k/8edgKlJSBtLDbJCXi9Ukcvsjx8SWQ33ADLHKwm0kqX6k3\novyKsR/g8oj6zaZyogMc4iSDG6K+Ua0qfrgf2XRcuBqtHg37qNHxAI9+1UfUlyWQ\nhHbLmbaQsYf54mZ0lCAfnOPZACxzyR8FtBhLDOAq2jUfdgrEnQKCAQEA8XHtA26Y\n2kTh6qJG8h3QxKTEip1KNJfpbp5Qyhd0/O5//cQjOHBrejb1VobFWZO8KANMwgOD\nnaaP/jWS0ur3Ob2AG1IAFAG+1l/Cr7rJqSYq5pG6TUHU6KnbVGhfbh+TFMQ65Z9g\nIeWCxzs0Q4SejgvymFgAKAtm7054cw4LAmOqyiXqJqYWbRvXcb6sv7U1zINjZRB1\nnsS5MHoh0KUa7nTwT9lZykEzfVpvNzXbkKjIuz4IQDwy1WDRoif0blySjDlaC7Un\nPpmlvgIQ3LxPlcHGZM3dDMAmg+JeUFUeRVBu0lFahulzURftHBe/bY0hx4UXQoMp\ntfSmRMBs5ZdpLwKCAQEA/nXLUrj5qcb1kzMQBZKy7GWvfWtAH1bma5Z5bBzHIxvt\ngzxCOJEmpbRL+ej8ol9GLH9EygM92AgLpnjzHXsH/uv29eolSzzJ45uc/EXjqgy0\netawc2M8Wfzp+TZIWwjujV60C2qgpcazMZeeucfO0e+IFdlXVNZlCwOdXCoy116h\nTx153Gfirnr4ywYx2lKvb8duawL/eqyNdH/rX1VSehka8a99UK7B+vHZ01z4/7k3\nDSmTGUdIf9aUhRS3pp4WR2yrpY4mfNXVobivPqL3Ju/OKrpOBjKQ1st+ed7QSFC9\nDv2nHHlDbjDGpnpA34Wciwlst3dslk8NQaKyQqg/rwKCAQBdagKVbVjeOgBeU2K3\nkimPq2APcUOgjZXXIpGHXwP4SB5lBFnMIFK0+kZ5r7LzMWF+6afs+IcXm7XiWL/x\nss7sHBFQgK1fED3Rm0Mr0kzrkMTQaFl4QpwpWG5vfeJOLREu260d4kfDVZT/mDxk\nUw81ThISNxn4ZFDzDZ00hp5j0kPl6j1prqDGnhsA+xDDK00hT0RJedDIGLy9sMMc\ngoSk9cF0Y1eGFSvit/aHmeLVWTgwmZN/psrUG51/6416lX5tmlLobLI+WhvyI8J6\nZLE1877aiXuYz08Xf6GV2xjXIIOAA9HOmMvw+BzY3adGr2/+TdPt++lLaNhbiUeY\nnLgpAoIBAQC2Yb16rCQeIQGRIM9B/1SJBZUTwtRx4fpDcNXUvIeqzXCeWIlqO/dE\nW4b9N5Yj1z/X0tx+InaoKZQYHKa8IZuohn464jkaxRY7MiUB2CIGlxag2NId0inG\nofUdb1/LCArbft5zNFiymUmEqRTWObUuWY3jgyUKJKTFkTCvh3trTGM37nuSk08x\nGejKs8T1o8Ak0P9+aeatiZHVx33vlZsI8oeSZOLf+nIEqGYlDYVW3OztXTgWrTX0\nkttey2uaW8LCLMyWW92QKj/1qwbIUUvuN4FAtMoJvSJ9IdukBCSrQFtRrFKjoPLI\nvuMTHZrz2rNKIFYw5cMJtN1ehvtXtXn3AoIBAQCd8R67ytgKZK4RMC24aPSD3HJQ\nX6dYBEivK+0zz8XKj5bRM8wu+sLH1omUlXMo78zi4H6G1lCvufgWD6hmJJHM5rnu\nbghvjwBLeeG+78p3tr58jMETi8RyPE9hZ3FGy5uWjg+I0flv4c6Zs+fCVcMBTmEx\nghh+hiyCuqBNAPbqObMdOrrSIwlXHY0cGbMQZWIeVoSjJB1Zi9SqVARpA6/vI/2X\nPWhrQa8G6SkEgZjHYYgpFEH46XN7l/dqgJcAx+iBRJ/mDX2P+FgU60QSrEykYGz2\nOcLsJr3Zp699kT31EM9+sa/WKWzbUGVh16KdOOFDbdgcuXnC6TlyJYFsE9xN\n-----END RSA PRIVATE KEY-----\n",
            "content_base64": null,
            "content_base64sha256": "JuPoh5KzAKXLTfUIPO7tmelJSo5k+M0iXo3eKwmZP+w=",
            "content_base64sha512": "uee0zN4G4KpEjojveN9gVm4BDp27y9doNLx0WxuWvRVR5D8CBHF0vAqB0hvFLHwLYgE5ZkIf0O78MRUqlZBTTg==",
            "content_md5": "7c4e10599b436abacccca794a2f7a926",
            "content_sha1": "1486cef6988883f0c7c69dd2f169ad040b7d9e92",
            "content_sha256": "26e3e88792b300a5cb4df5083ceeed99e9494a8e64f8cd225e8dde2b09993fec",
            "content_sha512": "b9e7b4ccde06e0aa448e88ef78df60566e010e9dbbcbd76834bc745b1b96bd1551e43f02047174bc0a81d21bc52c7c0b62013966421fd0eefc31152a9590534e",
            "directory_permission": "0700",
            "file_permission": "0600",
            "filename": "./mykey.pem",
            "id": "1486cef6988883f0c7c69dd2f169ad040b7d9e92",
            "source": null
          },
          "sensitive_attributes": [
            [
              {
                "type": "get_attr",
                "value": "content"
              }
            ],
            [
              {
                "type": "get_attr",
                "value": "content_base64"
              }
            ]
          ],
          "identity_schema_version": 0,
          "dependencies": [
            "tls_private_key.config_server"
          ]
        }
      ]
    },
    {
      "mode": "managed",
      "type": "tls_private_key",
      "name": "config_server",
      "provider": "provider[\"registry.terraform.io/hashicorp/tls\"]",
      "instances": [
        {
          "schema_version": 1,
          "attributes": {
            "algorithm": "RSA",
            "ecdsa_curve": "P224",
            "id": "a19e5daadeda138428967a8b199b4e5b3d64964e",
            "private_key_openssh": "-----BEGIN OPENSSH PRIVATE KEY-----\nb3BlbnNzaC1rZXktdjEAAAAABG5vbmUAAAAEbm9uZQAAAAAAAAABAAACFwAAAAdz\nc2gtcnNhAAAAAwEAAQAAAgEA7/4h/hYyMoKWsncUbJYFAzS5bkiLlBjZdSwNneBx\narcyURWzAt4d+uj0RmPP1jYPi/vQPpWx/1mlhRCB91LZ2d42EmA2EBCaYiVIJ7wH\nLEylBUxJyLqq/VBCz0ZHIW1F8TcW/eQtPzghZIllKjjQbCFzlZkDIgQxGxg8KwbC\nDRkK0XH2tjn2RmJNsdPncSQwQKxOCAYaWKt1T9WV5Oy2bXsUexlOV0FW+DPWd0Mt\ny/PLxCYXrsp6P4TVaBtGSdaDsnUTyCwSC2H1YwivLBmgLr7LE7vy5Jj+Cltou6va\nWP62GNuWypgr3LvmzK5Qkiac7ZRvSlvIGEbALi0jdXyw5lAn0AYxjr1+CFVaM5kh\noVmpR9X36cnZuz4WGlkFb07KdZlImHc86f6chYjYSTQ5LuwVeXjkrsKWl3Z5F4Hs\n86fB6cHjKFBukbVacmnwrVDZMKHAkbXitlN5eN19tbPDEOzK2nzOhgGp6ri2aPD8\n7UI4fGmVE/ouhwVGHOHliHt5w94504w9mnrC0Nwcru/AbF+oksHpaTRCH61b2YSO\nSepKUf4ggQueGMAIliNvw9vZ8hoqpBLVRZ5mCpjoNanh9py2hizRlrSZ4QWaCUVC\nhSIXrJN/DmU3C0RSZqPBldHorQt94fP+dX3DJ3UNerCdwmHElhSzxh4uesfsGlo7\neCEAAAc40LTvN9C07zcAAAAHc3NoLXJzYQAAAgEA7/4h/hYyMoKWsncUbJYFAzS5\nbkiLlBjZdSwNneBxarcyURWzAt4d+uj0RmPP1jYPi/vQPpWx/1mlhRCB91LZ2d42\nEmA2EBCaYiVIJ7wHLEylBUxJyLqq/VBCz0ZHIW1F8TcW/eQtPzghZIllKjjQbCFz\nlZkDIgQxGxg8KwbCDRkK0XH2tjn2RmJNsdPncSQwQKxOCAYaWKt1T9WV5Oy2bXsU\nexlOV0FW+DPWd0Mty/PLxCYXrsp6P4TVaBtGSdaDsnUTyCwSC2H1YwivLBmgLr7L\nE7vy5Jj+Cltou6vaWP62GNuWypgr3LvmzK5Qkiac7ZRvSlvIGEbALi0jdXyw5lAn\n0AYxjr1+CFVaM5khoVmpR9X36cnZuz4WGlkFb07KdZlImHc86f6chYjYSTQ5LuwV\neXjkrsKWl3Z5F4Hs86fB6cHjKFBukbVacmnwrVDZMKHAkbXitlN5eN19tbPDEOzK\n2nzOhgGp6ri2aPD87UI4fGmVE/ouhwVGHOHliHt5w94504w9mnrC0Nwcru/AbF+o\nksHpaTRCH61b2YSOSepKUf4ggQueGMAIliNvw9vZ8hoqpBLVRZ5mCpjoNanh9py2\nhizRlrSZ4QWaCUVChSIXrJN/DmU3C0RSZqPBldHorQt94fP+dX3DJ3UNerCdwmHE\nlhSzxh4uesfsGlo7eCEAAAADAQABAAACAAC/jcLpYM4FguDFkZu7uqzwN3p04XKH\nF/kkjQT7/n6IWbDPsizacm97gHTOZNx/HfygFAh4llh8eBFPzt1C4IkBsgYhT1SC\nKL5mQrD/sL9eRyQawR7OGNsMqq3+GG9YlDTp/g6xQm7bBvJK919yqTuyaFYuvEgZ\nM+n+C69P/b+QCheYal4rv20oFflC9uAZw8i/1h0c9RdnrshJRdwJMjxp0NOIGFVv\nT7fFuZp07Cn29aCumbj4H/oeDj2dMCfqHPkBInGnqYVoOx1MQ/eNkOafE6pZFgBz\nyv757/v9z4LNhdXSrB1aQhtrE+TOz6jU/qeYTzcvzWeTTjrBS0YCKy8FxHgOcB7d\niFHx/2kMsSSYMlPousv/ux7Gw0dpBGFLeQUixj7aex7irod5luHXtr2hhK9nw/1f\nFa4UUQmz0XQ7pcYzGiIz4aQgMdiwx5RzFFdWgwUuveV2MEynsINY7ZMazCaQ21Or\nAvPS/AEAryvcPGJ1VMdGq2bojtWNelrW4ZKPBlGstNL6T/x52AqUlIG0sNskJeL1\nSRy+yPHxJZDfcAMscrCbSSpfqTei/IqxH+DyiPrNpnKiAxziJIMbor5RrSp+uB/Z\ndFy4Gq0eDfuo0fEAj37VR9SXJZCEdsuZtpCxh/niZnSUIB+c49kALHPJHwW0GEsM\n4CraNR92CsSdAAABAQCd8R67ytgKZK4RMC24aPSD3HJQX6dYBEivK+0zz8XKj5bR\nM8wu+sLH1omUlXMo78zi4H6G1lCvufgWD6hmJJHM5rnubghvjwBLeeG+78p3tr58\njMETi8RyPE9hZ3FGy5uWjg+I0flv4c6Zs+fCVcMBTmExghh+hiyCuqBNAPbqObMd\nOrrSIwlXHY0cGbMQZWIeVoSjJB1Zi9SqVARpA6/vI/2XPWhrQa8G6SkEgZjHYYgp\nFEH46XN7l/dqgJcAx+iBRJ/mDX2P+FgU60QSrEykYGz2OcLsJr3Zp699kT31EM9+\nsa/WKWzbUGVh16KdOOFDbdgcuXnC6TlyJYFsE9xNAAABAQDxce0DbpjaROHqokby\nHdDEpMSKnUo0l+lunlDKF3T87n/9xCM4cGt6NvVWhsVZk7woA0zCA4Odpo/+NZLS\n6vc5vYAbUgAUAb7WX8KvusmpJirmkbpNQdToqdtUaF9uH5MUxDrln2Ah5YLHOzRD\nhJ6OC/KYWAAoC2bvTnhzDgsCY6rKJeomphZtG9dxvqy/tTXMg2NlEHWexLkweiHQ\npRrudPBP2VnKQTN9Wm83NduQqMi7PghAPDLVYNGiJ/RuXJKMOVoLtSc+maW+AhDc\nvE+VwcZkzd0MwCaD4l5QVR5FUG7SUVqG6XNRF+0cF79tjSHHhRdCgym19KZEwGzl\nl2kvAAABAQD+dctSuPmpxvWTMxAFkrLsZa99a0AfVuZrlnlsHMcjG+2DPEI4kSal\ntEv56PyiX0Ysf0TKAz3YCAumePMdewf+6/b16iVLPMnjm5z8ReOqDLR61rBzYzxZ\n/On5NkhbCO6NXrQLaqClxrMxl565x87R74gV2VdU1mULA51cKjLXXqFPHXncZ+Ku\nevjLBjHaUq9vx25rAv96rI10f+tfVVJ6GRrxr31QrsH68dnTXPj/uTcNKZMZR0h/\n1pSFFLemnhZHbKuljiZ81dWhuK8+ovcm784quk4GMpDWy3553tBIUL0O/acceUNu\nMMamekDfhZyLCWy3d2yWTw1BorJCqD+vAAAAAAEC\n-----END OPENSSH PRIVATE KEY-----\n",
            "private_key_pem": "-----BEGIN RSA PRIVATE KEY-----\nMIIJKQIBAAKCAgEA7/4h/hYyMoKWsncUbJYFAzS5bkiLlBjZdSwNneBxarcyURWz\nAt4d+uj0RmPP1jYPi/vQPpWx/1mlhRCB91LZ2d42EmA2EBCaYiVIJ7wHLEylBUxJ\nyLqq/VBCz0ZHIW1F8TcW/eQtPzghZIllKjjQbCFzlZkDIgQxGxg8KwbCDRkK0XH2\ntjn2RmJNsdPncSQwQKxOCAYaWKt1T9WV5Oy2bXsUexlOV0FW+DPWd0Mty/PLxCYX\nrsp6P4TVaBtGSdaDsnUTyCwSC2H1YwivLBmgLr7LE7vy5Jj+Cltou6vaWP62GNuW\nypgr3LvmzK5Qkiac7ZRvSlvIGEbALi0jdXyw5lAn0AYxjr1+CFVaM5khoVmpR9X3\n6cnZuz4WGlkFb07KdZlImHc86f6chYjYSTQ5LuwVeXjkrsKWl3Z5F4Hs86fB6cHj\nKFBukbVacmnwrVDZMKHAkbXitlN5eN19tbPDEOzK2nzOhgGp6ri2aPD87UI4fGmV\nE/ouhwVGHOHliHt5w94504w9mnrC0Nwcru/AbF+oksHpaTRCH61b2YSOSepKUf4g\ngQueGMAIliNvw9vZ8hoqpBLVRZ5mCpjoNanh9py2hizRlrSZ4QWaCUVChSIXrJN/\nDmU3C0RSZqPBldHorQt94fP+dX3DJ3UNerCdwmHElhSzxh4uesfsGlo7eCECAwEA\nAQKCAgAAv43C6WDOBYLgxZGbu7qs8Dd6dOFyhxf5JI0E+/5+iFmwz7Is2nJve4B0\nzmTcfx38oBQIeJZYfHgRT87dQuCJAbIGIU9Ugii+ZkKw/7C/XkckGsEezhjbDKqt\n/hhvWJQ06f4OsUJu2wbySvdfcqk7smhWLrxIGTPp/guvT/2/kAoXmGpeK79tKBX5\nQvbgGcPIv9YdHPUXZ67ISUXcCTI8adDTiBhVb0+3xbmadOwp9vWgrpm4+B/6Hg49\nnTAn6hz5ASJxp6mFaDsdTEP3jZDmnxOqWRYAc8r++e/7/c+CzYXV0qwdWkIbaxPk\nzs+o1P6nmE83L81nk046wUtGAisvBcR4DnAe3YhR8f9pDLEkmDJT6LrL/7sexsNH\naQRhS3kFIsY+2nse4q6HeZbh17a9oYSvZ8P9XxWuFFEJs9F0O6XGMxoiM+GkIDHY\nsMeUcxRXVoMFLr3ldjBMp7CDWO2TGswmkNtTqwLz0vwBAK8r3DxidVTHRqtm6I7V\njXpa1uGSjwZRrLTS+k/8edgKlJSBtLDbJCXi9Ukcvsjx8SWQ33ADLHKwm0kqX6k3\novyKsR/g8oj6zaZyogMc4iSDG6K+Ua0qfrgf2XRcuBqtHg37qNHxAI9+1UfUlyWQ\nhHbLmbaQsYf54mZ0lCAfnOPZACxzyR8FtBhLDOAq2jUfdgrEnQKCAQEA8XHtA26Y\n2kTh6qJG8h3QxKTEip1KNJfpbp5Qyhd0/O5//cQjOHBrejb1VobFWZO8KANMwgOD\nnaaP/jWS0ur3Ob2AG1IAFAG+1l/Cr7rJqSYq5pG6TUHU6KnbVGhfbh+TFMQ65Z9g\nIeWCxzs0Q4SejgvymFgAKAtm7054cw4LAmOqyiXqJqYWbRvXcb6sv7U1zINjZRB1\nnsS5MHoh0KUa7nTwT9lZykEzfVpvNzXbkKjIuz4IQDwy1WDRoif0blySjDlaC7Un\nPpmlvgIQ3LxPlcHGZM3dDMAmg+JeUFUeRVBu0lFahulzURftHBe/bY0hx4UXQoMp\ntfSmRMBs5ZdpLwKCAQEA/nXLUrj5qcb1kzMQBZKy7GWvfWtAH1bma5Z5bBzHIxvt\ngzxCOJEmpbRL+ej8ol9GLH9EygM92AgLpnjzHXsH/uv29eolSzzJ45uc/EXjqgy0\netawc2M8Wfzp+TZIWwjujV60C2qgpcazMZeeucfO0e+IFdlXVNZlCwOdXCoy116h\nTx153Gfirnr4ywYx2lKvb8duawL/eqyNdH/rX1VSehka8a99UK7B+vHZ01z4/7k3\nDSmTGUdIf9aUhRS3pp4WR2yrpY4mfNXVobivPqL3Ju/OKrpOBjKQ1st+ed7QSFC9\nDv2nHHlDbjDGpnpA34Wciwlst3dslk8NQaKyQqg/rwKCAQBdagKVbVjeOgBeU2K3\nkimPq2APcUOgjZXXIpGHXwP4SB5lBFnMIFK0+kZ5r7LzMWF+6afs+IcXm7XiWL/x\nss7sHBFQgK1fED3Rm0Mr0kzrkMTQaFl4QpwpWG5vfeJOLREu260d4kfDVZT/mDxk\nUw81ThISNxn4ZFDzDZ00hp5j0kPl6j1prqDGnhsA+xDDK00hT0RJedDIGLy9sMMc\ngoSk9cF0Y1eGFSvit/aHmeLVWTgwmZN/psrUG51/6416lX5tmlLobLI+WhvyI8J6\nZLE1877aiXuYz08Xf6GV2xjXIIOAA9HOmMvw+BzY3adGr2/+TdPt++lLaNhbiUeY\nnLgpAoIBAQC2Yb16rCQeIQGRIM9B/1SJBZUTwtRx4fpDcNXUvIeqzXCeWIlqO/dE\nW4b9N5Yj1z/X0tx+InaoKZQYHKa8IZuohn464jkaxRY7MiUB2CIGlxag2NId0inG\nofUdb1/LCArbft5zNFiymUmEqRTWObUuWY3jgyUKJKTFkTCvh3trTGM37nuSk08x\nGejKs8T1o8Ak0P9+aeatiZHVx33vlZsI8oeSZOLf+nIEqGYlDYVW3OztXTgWrTX0\nkttey2uaW8LCLMyWW92QKj/1qwbIUUvuN4FAtMoJvSJ9IdukBCSrQFtRrFKjoPLI\nvuMTHZrz2rNKIFYw5cMJtN1ehvtXtXn3AoIBAQCd8R67ytgKZK4RMC24aPSD3HJQ\nX6dYBEivK+0zz8XKj5bRM8wu+sLH1omUlXMo78zi4H6G1lCvufgWD6hmJJHM5rnu\nbghvjwBLeeG+78p3tr58jMETi8RyPE9hZ3FGy5uWjg+I0flv4c6Zs+fCVcMBTmEx\nghh+hiyCuqBNAPbqObMdOrrSIwlXHY0cGbMQZWIeVoSjJB1Zi9SqVARpA6/vI/2X\nPWhrQa8G6SkEgZjHYYgpFEH46XN7l/dqgJcAx+iBRJ/mDX2P+FgU60QSrEykYGz2\nOcLsJr3Zp699kT31EM9+sa/WKWzbUGVh16KdOOFDbdgcuXnC6TlyJYFsE9xN\n-----END RSA PRIVATE KEY-----\n",
            "private_key_pem_pkcs8": "-----BEGIN PRIVATE KEY-----\nMIIJQwIBADANBgkqhkiG9w0BAQEFAASCCS0wggkpAgEAAoICAQDv/iH+FjIygpay\ndxRslgUDNLluSIuUGNl1LA2d4HFqtzJRFbMC3h366PRGY8/WNg+L+9A+lbH/WaWF\nEIH3UtnZ3jYSYDYQEJpiJUgnvAcsTKUFTEnIuqr9UELPRkchbUXxNxb95C0/OCFk\niWUqONBsIXOVmQMiBDEbGDwrBsINGQrRcfa2OfZGYk2x0+dxJDBArE4IBhpYq3VP\n1ZXk7LZtexR7GU5XQVb4M9Z3Qy3L88vEJheuyno/hNVoG0ZJ1oOydRPILBILYfVj\nCK8sGaAuvssTu/LkmP4KW2i7q9pY/rYY25bKmCvcu+bMrlCSJpztlG9KW8gYRsAu\nLSN1fLDmUCfQBjGOvX4IVVozmSGhWalH1ffpydm7PhYaWQVvTsp1mUiYdzzp/pyF\niNhJNDku7BV5eOSuwpaXdnkXgezzp8HpweMoUG6RtVpyafCtUNkwocCRteK2U3l4\n3X21s8MQ7MrafM6GAanquLZo8PztQjh8aZUT+i6HBUYc4eWIe3nD3jnTjD2aesLQ\n3Byu78BsX6iSwelpNEIfrVvZhI5J6kpR/iCBC54YwAiWI2/D29nyGiqkEtVFnmYK\nmOg1qeH2nLaGLNGWtJnhBZoJRUKFIhesk38OZTcLRFJmo8GV0eitC33h8/51fcMn\ndQ16sJ3CYcSWFLPGHi56x+waWjt4IQIDAQABAoICAAC/jcLpYM4FguDFkZu7uqzw\nN3p04XKHF/kkjQT7/n6IWbDPsizacm97gHTOZNx/HfygFAh4llh8eBFPzt1C4IkB\nsgYhT1SCKL5mQrD/sL9eRyQawR7OGNsMqq3+GG9YlDTp/g6xQm7bBvJK919yqTuy\naFYuvEgZM+n+C69P/b+QCheYal4rv20oFflC9uAZw8i/1h0c9RdnrshJRdwJMjxp\n0NOIGFVvT7fFuZp07Cn29aCumbj4H/oeDj2dMCfqHPkBInGnqYVoOx1MQ/eNkOaf\nE6pZFgBzyv757/v9z4LNhdXSrB1aQhtrE+TOz6jU/qeYTzcvzWeTTjrBS0YCKy8F\nxHgOcB7diFHx/2kMsSSYMlPousv/ux7Gw0dpBGFLeQUixj7aex7irod5luHXtr2h\nhK9nw/1fFa4UUQmz0XQ7pcYzGiIz4aQgMdiwx5RzFFdWgwUuveV2MEynsINY7ZMa\nzCaQ21OrAvPS/AEAryvcPGJ1VMdGq2bojtWNelrW4ZKPBlGstNL6T/x52AqUlIG0\nsNskJeL1SRy+yPHxJZDfcAMscrCbSSpfqTei/IqxH+DyiPrNpnKiAxziJIMbor5R\nrSp+uB/ZdFy4Gq0eDfuo0fEAj37VR9SXJZCEdsuZtpCxh/niZnSUIB+c49kALHPJ\nHwW0GEsM4CraNR92CsSdAoIBAQDxce0DbpjaROHqokbyHdDEpMSKnUo0l+lunlDK\nF3T87n/9xCM4cGt6NvVWhsVZk7woA0zCA4Odpo/+NZLS6vc5vYAbUgAUAb7WX8Kv\nusmpJirmkbpNQdToqdtUaF9uH5MUxDrln2Ah5YLHOzRDhJ6OC/KYWAAoC2bvTnhz\nDgsCY6rKJeomphZtG9dxvqy/tTXMg2NlEHWexLkweiHQpRrudPBP2VnKQTN9Wm83\nNduQqMi7PghAPDLVYNGiJ/RuXJKMOVoLtSc+maW+AhDcvE+VwcZkzd0MwCaD4l5Q\nVR5FUG7SUVqG6XNRF+0cF79tjSHHhRdCgym19KZEwGzll2kvAoIBAQD+dctSuPmp\nxvWTMxAFkrLsZa99a0AfVuZrlnlsHMcjG+2DPEI4kSaltEv56PyiX0Ysf0TKAz3Y\nCAumePMdewf+6/b16iVLPMnjm5z8ReOqDLR61rBzYzxZ/On5NkhbCO6NXrQLaqCl\nxrMxl565x87R74gV2VdU1mULA51cKjLXXqFPHXncZ+KuevjLBjHaUq9vx25rAv96\nrI10f+tfVVJ6GRrxr31QrsH68dnTXPj/uTcNKZMZR0h/1pSFFLemnhZHbKuljiZ8\n1dWhuK8+ovcm784quk4GMpDWy3553tBIUL0O/acceUNuMMamekDfhZyLCWy3d2yW\nTw1BorJCqD+vAoIBAF1qApVtWN46AF5TYreSKY+rYA9xQ6CNldcikYdfA/hIHmUE\nWcwgUrT6RnmvsvMxYX7pp+z4hxebteJYv/GyzuwcEVCArV8QPdGbQyvSTOuQxNBo\nWXhCnClYbm994k4tES7brR3iR8NVlP+YPGRTDzVOEhI3GfhkUPMNnTSGnmPSQ+Xq\nPWmuoMaeGwD7EMMrTSFPREl50MgYvL2wwxyChKT1wXRjV4YVK+K39oeZ4tVZODCZ\nk3+mytQbnX/rjXqVfm2aUuhssj5aG/IjwnpksTXzvtqJe5jPTxd/oZXbGNcgg4AD\n0c6Yy/D4HNjdp0avb/5N0+376Uto2FuJR5icuCkCggEBALZhvXqsJB4hAZEgz0H/\nVIkFlRPC1HHh+kNw1dS8h6rNcJ5YiWo790Rbhv03liPXP9fS3H4idqgplBgcprwh\nm6iGfjriORrFFjsyJQHYIgaXFqDY0h3SKcah9R1vX8sICtt+3nM0WLKZSYSpFNY5\ntS5ZjeODJQokpMWRMK+He2tMYzfue5KTTzEZ6MqzxPWjwCTQ/35p5q2JkdXHfe+V\nmwjyh5Jk4t/6cgSoZiUNhVbc7O1dOBatNfSS217La5pbwsIszJZb3ZAqP/WrBshR\nS+43gUC0ygm9In0h26QEJKtAW1GsUqOg8si+4xMdmvPas0ogVjDlwwm03V6G+1e1\nefcCggEBAJ3xHrvK2ApkrhEwLbho9IPcclBfp1gESK8r7TPPxcqPltEzzC76wsfW\niZSVcyjvzOLgfobWUK+5+BYPqGYkkczmue5uCG+PAEt54b7vyne2vnyMwROLxHI8\nT2FncUbLm5aOD4jR+W/hzpmz58JVwwFOYTGCGH6GLIK6oE0A9uo5sx06utIjCVcd\njRwZsxBlYh5WhKMkHVmL1KpUBGkDr+8j/Zc9aGtBrwbpKQSBmMdhiCkUQfjpc3uX\n92qAlwDH6IFEn+YNfY/4WBTrRBKsTKRgbPY5wuwmvdmnr32RPfUQz36xr9YpbNtQ\nZWHXop044UNt2By5ecLpOXIlgWwT3E0=\n-----END PRIVATE KEY-----\n",
            "public_key_fingerprint_md5": "eb:7f:b5:29:fd:5a:8b:04:6f:65:91:de:54:59:75:7b",
            "public_key_fingerprint_sha256": "SHA256:IoFoLCF/1P7DEdFHmUCPaXPGPiOUIWds+mj+T07eSn0",
            "public_key_openssh": "ssh-rsa AAAAB3NzaC1yc2EAAAADAQABAAACAQDv/iH+FjIygpaydxRslgUDNLluSIuUGNl1LA2d4HFqtzJRFbMC3h366PRGY8/WNg+L+9A+lbH/WaWFEIH3UtnZ3jYSYDYQEJpiJUgnvAcsTKUFTEnIuqr9UELPRkchbUXxNxb95C0/OCFkiWUqONBsIXOVmQMiBDEbGDwrBsINGQrRcfa2OfZGYk2x0+dxJDBArE4IBhpYq3VP1ZXk7LZtexR7GU5XQVb4M9Z3Qy3L88vEJheuyno/hNVoG0ZJ1oOydRPILBILYfVjCK8sGaAuvssTu/LkmP4KW2i7q9pY/rYY25bKmCvcu+bMrlCSJpztlG9KW8gYRsAuLSN1fLDmUCfQBjGOvX4IVVozmSGhWalH1ffpydm7PhYaWQVvTsp1mUiYdzzp/pyFiNhJNDku7BV5eOSuwpaXdnkXgezzp8HpweMoUG6RtVpyafCtUNkwocCRteK2U3l43X21s8MQ7MrafM6GAanquLZo8PztQjh8aZUT+i6HBUYc4eWIe3nD3jnTjD2aesLQ3Byu78BsX6iSwelpNEIfrVvZhI5J6kpR/iCBC54YwAiWI2/D29nyGiqkEtVFnmYKmOg1qeH2nLaGLNGWtJnhBZoJRUKFIhesk38OZTcLRFJmo8GV0eitC33h8/51fcMndQ16sJ3CYcSWFLPGHi56x+waWjt4IQ==\n",
            "public_key_pem": "-----BEGIN PUBLIC KEY-----\nMIICIjANBgkqhkiG9w0BAQEFAAOCAg8AMIICCgKCAgEA7/4h/hYyMoKWsncUbJYF\nAzS5bkiLlBjZdSwNneBxarcyURWzAt4d+uj0RmPP1jYPi/vQPpWx/1mlhRCB91LZ\n2d42EmA2EBCaYiVIJ7wHLEylBUxJyLqq/VBCz0ZHIW1F8TcW/eQtPzghZIllKjjQ\nbCFzlZkDIgQxGxg8KwbCDRkK0XH2tjn2RmJNsdPncSQwQKxOCAYaWKt1T9WV5Oy2\nbXsUexlOV0FW+DPWd0Mty/PLxCYXrsp6P4TVaBtGSdaDsnUTyCwSC2H1YwivLBmg\nLr7LE7vy5Jj+Cltou6vaWP62GNuWypgr3LvmzK5Qkiac7ZRvSlvIGEbALi0jdXyw\n5lAn0AYxjr1+CFVaM5khoVmpR9X36cnZuz4WGlkFb07KdZlImHc86f6chYjYSTQ5\nLuwVeXjkrsKWl3Z5F4Hs86fB6cHjKFBukbVacmnwrVDZMKHAkbXitlN5eN19tbPD\nEOzK2nzOhgGp6ri2aPD87UI4fGmVE/ouhwVGHOHliHt5w94504w9mnrC0Nwcru/A\nbF+oksHpaTRCH61b2YSOSepKUf4ggQueGMAIliNvw9vZ8hoqpBLVRZ5mCpjoNanh\n9py2hizRlrSZ4QWaCUVChSIXrJN/DmU3C0RSZqPBldHorQt94fP+dX3DJ3UNerCd\nwmHElhSzxh4uesfsGlo7eCECAwEAAQ==\n-----END PUBLIC KEY-----\n",
            "rsa_bits": 4096
          },
          "sensitive_attributes": [
            [
              {
                "type": "get_attr",
                "value": "private_key_openssh"
              }
            ],
            [
              {
                "type": "get_attr",
                "value": "private_key_pem"
              }
            ],
            [
              {
                "type": "get_attr",
                "value": "private_key_pem_pkcs8"
              }
            ]
          ],
          "identity_schema_version": 0
        }
      ]
    }
  ],
  "check_results": null
}
